
Microsoft Visual Studio Solution File, Format Version 12.00
# Visual Studio 15
VisualStudioVersion = 15.0.27130.2027
MinimumVisualStudioVersion = 10.0.40219.1
Project("{8BC9CEB8-8B4A-11D0-8D11-00A0C91BC942}") = "ExampleWindowsCppApp", "ExampleWindowsCppApp\ExampleWindowsCppApp.vcxproj", "{D6BC8888-0498-4BDB-AFAF-21090A39082A}"
EndProject
Global
	GlobalSection(SolutionConfigurationPlatforms) = preSolution
		Debug|x64 = Debug|x64
		Debug|x86 = Debug|x86
		Release|x64 = Release|x64
		Release|x86 = Release|x86
	EndGlobalSection
	GlobalSection(ProjectConfigurationPlatforms) = postSolution
		{D6BC8888-0498-4BDB-AFAF-21090A39082A}.Debug|x64.ActiveCfg = Debug|x64
		{D6BC8888-0498-4BDB-AFAF-21090A39082A}.Debug|x64.Build.0 = Debug|x64
		{D6BC8888-0498-4BDB-AFAF-21090A39082A}.Debug|x86.ActiveCfg = Debug|Win32
		{D6BC8888-0498-4BDB-AFAF-21090A39082A}.Debug|x86.Build.0 = Debug|Win32
		{D6BC8888-0498-4BDB-AFAF-21090A39082A}.Release|x64.ActiveCfg = Release|x64
		{D6BC8888-0498-4BDB-AFAF-21090A39082A}.Release|x64.Build.0 = Release|x64
		{D6BC8888-0498-4BDB-AFAF-21090A39082A}.Release|x86.ActiveCfg = Release|Win32
		{D6BC8888-0498-4BDB-AFAF-21090A39082A}.Release|x86.Build.0 = Release|Win32
	EndGlobalSection
	GlobalSection(SolutionProperties) = preSolution
		HideSolutionNode = FALSE
	EndGlobalSection
	GlobalSection(ExtensibilityGlobals) = postSolution
		SolutionGuid = {68E97C56-8BB2-44E4-8536-069924BC9707}
	EndGlobalSection
EndGlobal
