// !$*UTF8*$!
{
	archiveVersion = 1;
	classes = {
	};
	objectVersion = 46;
	objects = {

/* Begin PBXBuildFile section */
		7C936A381D11EBEA00470058 /* ZeroTierSDK_iOS.h in Headers */ = {isa = PBXBuildFile; fileRef = 7C936A371D11EBEA00470058 /* ZeroTierSDK_iOS.h */; settings = {ATTRIBUTES = (Public, ); }; };
		7C936A511D11EC3000470058 /* SDK_Debug.c in Sources */ = {isa = PBXBuildFile; fileRef = 7C936A431D11EC3000470058 /* SDK_Debug.c */; };
		7C936A521D11EC3000470058 /* SDK_Debug.h in Headers */ = {isa = PBXBuildFile; fileRef = 7C936A441D11EC3000470058 /* SDK_Debug.h */; settings = {ATTRIBUTES = (Public, ); }; };
		7C936A531D11EC3000470058 /* SDK_EthernetTap.cpp in Sources */ = {isa = PBXBuildFile; fileRef = 7C936A451D11EC3000470058 /* SDK_EthernetTap.cpp */; };
		7C936A541D11EC3000470058 /* SDK_EthernetTap.hpp in Headers */ = {isa = PBXBuildFile; fileRef = 7C936A461D11EC3000470058 /* SDK_EthernetTap.hpp */; settings = {ATTRIBUTES = (Public, ); }; };
		7C936A551D11EC3000470058 /* SDK_Intercept.c in Sources */ = {isa = PBXBuildFile; fileRef = 7C936A471D11EC3000470058 /* SDK_Intercept.c */; };
		7C936A561D11EC3000470058 /* SDK_LWIPStack.hpp in Headers */ = {isa = PBXBuildFile; fileRef = 7C936A481D11EC3000470058 /* SDK_LWIPStack.hpp */; settings = {ATTRIBUTES = (Public, ); }; };
		7C936A571D11EC3000470058 /* SDK_Proxy.cpp in Sources */ = {isa = PBXBuildFile; fileRef = 7C936A491D11EC3000470058 /* SDK_Proxy.cpp */; };
		7C936A581D11EC3000470058 /* SDK_RPC.c in Sources */ = {isa = PBXBuildFile; fileRef = 7C936A4A1D11EC3000470058 /* SDK_RPC.c */; };
		7C936A591D11EC3000470058 /* SDK_RPC.h in Headers */ = {isa = PBXBuildFile; fileRef = 7C936A4B1D11EC3000470058 /* SDK_RPC.h */; settings = {ATTRIBUTES = (Public, ); }; };
		7C936A5A1D11EC3000470058 /* SDK_ServiceSetup.cpp in Sources */ = {isa = PBXBuildFile; fileRef = 7C936A4C1D11EC3000470058 /* SDK_ServiceSetup.cpp */; };
		7C936A5B1D11EC3000470058 /* SDK_ServiceSetup.hpp in Headers */ = {isa = PBXBuildFile; fileRef = 7C936A4D1D11EC3000470058 /* SDK_ServiceSetup.hpp */; settings = {ATTRIBUTES = (Public, ); }; };
		7C936A5C1D11EC3000470058 /* SDK_Signatures.h in Headers */ = {isa = PBXBuildFile; fileRef = 7C936A4E1D11EC3000470058 /* SDK_Signatures.h */; settings = {ATTRIBUTES = (Public, ); }; };
		7C936A5D1D11EC3000470058 /* SDK_Sockets.c in Sources */ = {isa = PBXBuildFile; fileRef = 7C936A4F1D11EC3000470058 /* SDK_Sockets.c */; };
		7C936A5E1D11EC3000470058 /* SDK.h in Headers */ = {isa = PBXBuildFile; fileRef = 7C936A501D11EC3000470058 /* SDK.h */; settings = {ATTRIBUTES = (Public, ); }; };
		7C9BA6F21D11F235003F6409 /* Address.hpp in Headers */ = {isa = PBXBuildFile; fileRef = 7C9BA6B41D11F235003F6409 /* Address.hpp */; settings = {ATTRIBUTES = (Public, ); }; };
		7C9BA6F31D11F235003F6409 /* Array.hpp in Headers */ = {isa = PBXBuildFile; fileRef = 7C9BA6B51D11F235003F6409 /* Array.hpp */; settings = {ATTRIBUTES = (Public, ); }; };
		7C9BA6F41D11F235003F6409 /* AtomicCounter.hpp in Headers */ = {isa = PBXBuildFile; fileRef = 7C9BA6B61D11F235003F6409 /* AtomicCounter.hpp */; settings = {ATTRIBUTES = (Public, ); }; };
		7C9BA6F51D11F235003F6409 /* BinarySemaphore.hpp in Headers */ = {isa = PBXBuildFile; fileRef = 7C9BA6B71D11F235003F6409 /* BinarySemaphore.hpp */; settings = {ATTRIBUTES = (Public, ); }; };
		7C9BA6F61D11F235003F6409 /* Buffer.hpp in Headers */ = {isa = PBXBuildFile; fileRef = 7C9BA6B81D11F235003F6409 /* Buffer.hpp */; settings = {ATTRIBUTES = (Public, ); }; };
		7C9BA6F71D11F235003F6409 /* C25519.cpp in Sources */ = {isa = PBXBuildFile; fileRef = 7C9BA6B91D11F235003F6409 /* C25519.cpp */; };
		7C9BA6F81D11F235003F6409 /* C25519.hpp in Headers */ = {isa = PBXBuildFile; fileRef = 7C9BA6BA1D11F235003F6409 /* C25519.hpp */; settings = {ATTRIBUTES = (Public, ); }; };
		7C9BA6F91D11F235003F6409 /* CertificateOfMembership.cpp in Sources */ = {isa = PBXBuildFile; fileRef = 7C9BA6BB1D11F235003F6409 /* CertificateOfMembership.cpp */; };
		7C9BA6FA1D11F235003F6409 /* CertificateOfMembership.hpp in Headers */ = {isa = PBXBuildFile; fileRef = 7C9BA6BC1D11F235003F6409 /* CertificateOfMembership.hpp */; settings = {ATTRIBUTES = (Public, ); }; };
		7C9BA6FB1D11F235003F6409 /* Cluster.cpp in Sources */ = {isa = PBXBuildFile; fileRef = 7C9BA6BD1D11F235003F6409 /* Cluster.cpp */; };
		7C9BA6FC1D11F235003F6409 /* Cluster.hpp in Headers */ = {isa = PBXBuildFile; fileRef = 7C9BA6BE1D11F235003F6409 /* Cluster.hpp */; settings = {ATTRIBUTES = (Public, ); }; };
		7C9BA6FD1D11F235003F6409 /* Constants.hpp in Headers */ = {isa = PBXBuildFile; fileRef = 7C9BA6BF1D11F235003F6409 /* Constants.hpp */; settings = {ATTRIBUTES = (Public, ); }; };
		7C9BA6FE1D11F235003F6409 /* DeferredPackets.cpp in Sources */ = {isa = PBXBuildFile; fileRef = 7C9BA6C01D11F235003F6409 /* DeferredPackets.cpp */; };
		7C9BA6FF1D11F235003F6409 /* DeferredPackets.hpp in Headers */ = {isa = PBXBuildFile; fileRef = 7C9BA6C11D11F235003F6409 /* DeferredPackets.hpp */; settings = {ATTRIBUTES = (Public, ); }; };
		7C9BA7001D11F235003F6409 /* Dictionary.cpp in Sources */ = {isa = PBXBuildFile; fileRef = 7C9BA6C21D11F235003F6409 /* Dictionary.cpp */; };
		7C9BA7011D11F235003F6409 /* Dictionary.hpp in Headers */ = {isa = PBXBuildFile; fileRef = 7C9BA6C31D11F235003F6409 /* Dictionary.hpp */; settings = {ATTRIBUTES = (Public, ); }; };
		7C9BA7021D11F235003F6409 /* Hashtable.hpp in Headers */ = {isa = PBXBuildFile; fileRef = 7C9BA6C41D11F235003F6409 /* Hashtable.hpp */; settings = {ATTRIBUTES = (Public, ); }; };
		7C9BA7031D11F235003F6409 /* Identity.cpp in Sources */ = {isa = PBXBuildFile; fileRef = 7C9BA6C51D11F235003F6409 /* Identity.cpp */; };
		7C9BA7041D11F235003F6409 /* Identity.hpp in Headers */ = {isa = PBXBuildFile; fileRef = 7C9BA6C61D11F235003F6409 /* Identity.hpp */; settings = {ATTRIBUTES = (Public, ); }; };
		7C9BA7051D11F235003F6409 /* IncomingPacket.cpp in Sources */ = {isa = PBXBuildFile; fileRef = 7C9BA6C71D11F235003F6409 /* IncomingPacket.cpp */; };
		7C9BA7061D11F235003F6409 /* IncomingPacket.hpp in Headers */ = {isa = PBXBuildFile; fileRef = 7C9BA6C81D11F235003F6409 /* IncomingPacket.hpp */; settings = {ATTRIBUTES = (Public, ); }; };
		7C9BA7071D11F235003F6409 /* InetAddress.cpp in Sources */ = {isa = PBXBuildFile; fileRef = 7C9BA6C91D11F235003F6409 /* InetAddress.cpp */; };
		7C9BA7081D11F235003F6409 /* InetAddress.hpp in Headers */ = {isa = PBXBuildFile; fileRef = 7C9BA6CA1D11F235003F6409 /* InetAddress.hpp */; settings = {ATTRIBUTES = (Public, ); }; };
		7C9BA7091D11F235003F6409 /* MAC.hpp in Headers */ = {isa = PBXBuildFile; fileRef = 7C9BA6CB1D11F235003F6409 /* MAC.hpp */; settings = {ATTRIBUTES = (Public, ); }; };
		7C9BA70A1D11F235003F6409 /* Multicaster.cpp in Sources */ = {isa = PBXBuildFile; fileRef = 7C9BA6CC1D11F235003F6409 /* Multicaster.cpp */; };
		7C9BA70B1D11F235003F6409 /* Multicaster.hpp in Headers */ = {isa = PBXBuildFile; fileRef = 7C9BA6CD1D11F235003F6409 /* Multicaster.hpp */; settings = {ATTRIBUTES = (Public, ); }; };
		7C9BA70C1D11F235003F6409 /* MulticastGroup.hpp in Headers */ = {isa = PBXBuildFile; fileRef = 7C9BA6CE1D11F235003F6409 /* MulticastGroup.hpp */; settings = {ATTRIBUTES = (Public, ); }; };
		7C9BA70D1D11F235003F6409 /* Mutex.hpp in Headers */ = {isa = PBXBuildFile; fileRef = 7C9BA6CF1D11F235003F6409 /* Mutex.hpp */; settings = {ATTRIBUTES = (Public, ); }; };
		7C9BA70E1D11F235003F6409 /* Network.cpp in Sources */ = {isa = PBXBuildFile; fileRef = 7C9BA6D01D11F235003F6409 /* Network.cpp */; };
		7C9BA70F1D11F235003F6409 /* Network.hpp in Headers */ = {isa = PBXBuildFile; fileRef = 7C9BA6D11D11F235003F6409 /* Network.hpp */; settings = {ATTRIBUTES = (Public, ); }; };
		7C9BA7101D11F235003F6409 /* NetworkConfig.cpp in Sources */ = {isa = PBXBuildFile; fileRef = 7C9BA6D21D11F235003F6409 /* NetworkConfig.cpp */; };
		7C9BA7111D11F235003F6409 /* NetworkConfig.hpp in Headers */ = {isa = PBXBuildFile; fileRef = 7C9BA6D31D11F235003F6409 /* NetworkConfig.hpp */; settings = {ATTRIBUTES = (Public, ); }; };
		7C9BA7121D11F235003F6409 /* NetworkConfigRequestMetaData.hpp in Headers */ = {isa = PBXBuildFile; fileRef = 7C9BA6D41D11F235003F6409 /* NetworkConfigRequestMetaData.hpp */; settings = {ATTRIBUTES = (Public, ); }; };
		7C9BA7131D11F235003F6409 /* NetworkController.hpp in Headers */ = {isa = PBXBuildFile; fileRef = 7C9BA6D51D11F235003F6409 /* NetworkController.hpp */; settings = {ATTRIBUTES = (Public, ); }; };
		7C9BA7141D11F235003F6409 /* Node.cpp in Sources */ = {isa = PBXBuildFile; fileRef = 7C9BA6D61D11F235003F6409 /* Node.cpp */; };
		7C9BA7151D11F235003F6409 /* Node.hpp in Headers */ = {isa = PBXBuildFile; fileRef = 7C9BA6D71D11F235003F6409 /* Node.hpp */; settings = {ATTRIBUTES = (Public, ); }; };
		7C9BA7161D11F235003F6409 /* NonCopyable.hpp in Headers */ = {isa = PBXBuildFile; fileRef = 7C9BA6D81D11F235003F6409 /* NonCopyable.hpp */; settings = {ATTRIBUTES = (Public, ); }; };
		7C9BA7171D11F235003F6409 /* OutboundMulticast.cpp in Sources */ = {isa = PBXBuildFile; fileRef = 7C9BA6D91D11F235003F6409 /* OutboundMulticast.cpp */; };
		7C9BA7181D11F235003F6409 /* OutboundMulticast.hpp in Headers */ = {isa = PBXBuildFile; fileRef = 7C9BA6DA1D11F235003F6409 /* OutboundMulticast.hpp */; settings = {ATTRIBUTES = (Public, ); }; };
		7C9BA7191D11F235003F6409 /* Packet.cpp in Sources */ = {isa = PBXBuildFile; fileRef = 7C9BA6DB1D11F235003F6409 /* Packet.cpp */; };
		7C9BA71A1D11F235003F6409 /* Packet.hpp in Headers */ = {isa = PBXBuildFile; fileRef = 7C9BA6DC1D11F235003F6409 /* Packet.hpp */; settings = {ATTRIBUTES = (Public, ); }; };
		7C9BA71B1D11F235003F6409 /* Path.cpp in Sources */ = {isa = PBXBuildFile; fileRef = 7C9BA6DD1D11F235003F6409 /* Path.cpp */; };
		7C9BA71C1D11F235003F6409 /* Path.hpp in Headers */ = {isa = PBXBuildFile; fileRef = 7C9BA6DE1D11F235003F6409 /* Path.hpp */; settings = {ATTRIBUTES = (Public, ); }; };
		7C9BA71D1D11F235003F6409 /* Peer.cpp in Sources */ = {isa = PBXBuildFile; fileRef = 7C9BA6DF1D11F235003F6409 /* Peer.cpp */; };
		7C9BA71E1D11F235003F6409 /* Peer.hpp in Headers */ = {isa = PBXBuildFile; fileRef = 7C9BA6E01D11F235003F6409 /* Peer.hpp */; settings = {ATTRIBUTES = (Public, ); }; };
		7C9BA71F1D11F235003F6409 /* Poly1305.cpp in Sources */ = {isa = PBXBuildFile; fileRef = 7C9BA6E11D11F235003F6409 /* Poly1305.cpp */; };
		7C9BA7201D11F235003F6409 /* Poly1305.hpp in Headers */ = {isa = PBXBuildFile; fileRef = 7C9BA6E21D11F235003F6409 /* Poly1305.hpp */; settings = {ATTRIBUTES = (Public, ); }; };
		7C9BA7211D11F235003F6409 /* RuntimeEnvironment.hpp in Headers */ = {isa = PBXBuildFile; fileRef = 7C9BA6E31D11F235003F6409 /* RuntimeEnvironment.hpp */; settings = {ATTRIBUTES = (Public, ); }; };
		7C9BA7221D11F235003F6409 /* Salsa20.cpp in Sources */ = {isa = PBXBuildFile; fileRef = 7C9BA6E41D11F235003F6409 /* Salsa20.cpp */; };
		7C9BA7231D11F235003F6409 /* Salsa20.hpp in Headers */ = {isa = PBXBuildFile; fileRef = 7C9BA6E51D11F235003F6409 /* Salsa20.hpp */; settings = {ATTRIBUTES = (Public, ); }; };
		7C9BA7241D11F235003F6409 /* SelfAwareness.cpp in Sources */ = {isa = PBXBuildFile; fileRef = 7C9BA6E61D11F235003F6409 /* SelfAwareness.cpp */; };
		7C9BA7251D11F235003F6409 /* SelfAwareness.hpp in Headers */ = {isa = PBXBuildFile; fileRef = 7C9BA6E71D11F235003F6409 /* SelfAwareness.hpp */; settings = {ATTRIBUTES = (Public, ); }; };
		7C9BA7261D11F235003F6409 /* SHA512.cpp in Sources */ = {isa = PBXBuildFile; fileRef = 7C9BA6E81D11F235003F6409 /* SHA512.cpp */; };
		7C9BA7271D11F235003F6409 /* SHA512.hpp in Headers */ = {isa = PBXBuildFile; fileRef = 7C9BA6E91D11F235003F6409 /* SHA512.hpp */; settings = {ATTRIBUTES = (Public, ); }; };
		7C9BA7281D11F235003F6409 /* SharedPtr.hpp in Headers */ = {isa = PBXBuildFile; fileRef = 7C9BA6EA1D11F235003F6409 /* SharedPtr.hpp */; settings = {ATTRIBUTES = (Public, ); }; };
		7C9BA7291D11F235003F6409 /* Switch.cpp in Sources */ = {isa = PBXBuildFile; fileRef = 7C9BA6EB1D11F235003F6409 /* Switch.cpp */; };
		7C9BA72A1D11F235003F6409 /* Switch.hpp in Headers */ = {isa = PBXBuildFile; fileRef = 7C9BA6EC1D11F235003F6409 /* Switch.hpp */; settings = {ATTRIBUTES = (Public, ); }; };
		7C9BA72B1D11F235003F6409 /* Topology.cpp in Sources */ = {isa = PBXBuildFile; fileRef = 7C9BA6ED1D11F235003F6409 /* Topology.cpp */; };
		7C9BA72C1D11F235003F6409 /* Topology.hpp in Headers */ = {isa = PBXBuildFile; fileRef = 7C9BA6EE1D11F235003F6409 /* Topology.hpp */; settings = {ATTRIBUTES = (Public, ); }; };
		7C9BA72D1D11F235003F6409 /* Utils.cpp in Sources */ = {isa = PBXBuildFile; fileRef = 7C9BA6EF1D11F235003F6409 /* Utils.cpp */; };
		7C9BA72E1D11F235003F6409 /* Utils.hpp in Headers */ = {isa = PBXBuildFile; fileRef = 7C9BA6F01D11F235003F6409 /* Utils.hpp */; settings = {ATTRIBUTES = (Public, ); }; };
		7C9BA72F1D11F235003F6409 /* World.hpp in Headers */ = {isa = PBXBuildFile; fileRef = 7C9BA6F11D11F235003F6409 /* World.hpp */; settings = {ATTRIBUTES = (Public, ); }; };
		7C9BA73F1D11F257003F6409 /* Arp.cpp in Sources */ = {isa = PBXBuildFile; fileRef = 7C9BA7301D11F257003F6409 /* Arp.cpp */; };
		7C9BA7401D11F257003F6409 /* Arp.hpp in Headers */ = {isa = PBXBuildFile; fileRef = 7C9BA7311D11F257003F6409 /* Arp.hpp */; settings = {ATTRIBUTES = (Public, ); }; };
		7C9BA7411D11F257003F6409 /* BackgroundResolver.cpp in Sources */ = {isa = PBXBuildFile; fileRef = 7C9BA7321D11F257003F6409 /* BackgroundResolver.cpp */; };
		7C9BA7421D11F257003F6409 /* BackgroundResolver.hpp in Headers */ = {isa = PBXBuildFile; fileRef = 7C9BA7331D11F257003F6409 /* BackgroundResolver.hpp */; settings = {ATTRIBUTES = (Public, ); }; };
		7C9BA7431D11F257003F6409 /* Binder.hpp in Headers */ = {isa = PBXBuildFile; fileRef = 7C9BA7341D11F257003F6409 /* Binder.hpp */; settings = {ATTRIBUTES = (Public, ); }; };
		7C9BA7441D11F257003F6409 /* Http.cpp in Sources */ = {isa = PBXBuildFile; fileRef = 7C9BA7351D11F257003F6409 /* Http.cpp */; };
		7C9BA7451D11F257003F6409 /* Http.hpp in Headers */ = {isa = PBXBuildFile; fileRef = 7C9BA7361D11F257003F6409 /* Http.hpp */; settings = {ATTRIBUTES = (Public, ); }; };
		7C9BA7461D11F257003F6409 /* OSUtils.cpp in Sources */ = {isa = PBXBuildFile; fileRef = 7C9BA7371D11F257003F6409 /* OSUtils.cpp */; };
		7C9BA7471D11F257003F6409 /* OSUtils.hpp in Headers */ = {isa = PBXBuildFile; fileRef = 7C9BA7381D11F257003F6409 /* OSUtils.hpp */; settings = {ATTRIBUTES = (Public, ); }; };
		7C9BA7481D11F257003F6409 /* Phy.hpp in Headers */ = {isa = PBXBuildFile; fileRef = 7C9BA7391D11F257003F6409 /* Phy.hpp */; settings = {ATTRIBUTES = (Public, ); }; };
		7C9BA7491D11F257003F6409 /* PortMapper.cpp in Sources */ = {isa = PBXBuildFile; fileRef = 7C9BA73A1D11F257003F6409 /* PortMapper.cpp */; };
		7C9BA74A1D11F257003F6409 /* PortMapper.hpp in Headers */ = {isa = PBXBuildFile; fileRef = 7C9BA73B1D11F257003F6409 /* PortMapper.hpp */; settings = {ATTRIBUTES = (Public, ); }; };
		7C9BA74B1D11F257003F6409 /* RoutingTable.cpp in Sources */ = {isa = PBXBuildFile; fileRef = 7C9BA73C1D11F257003F6409 /* RoutingTable.cpp */; };
		7C9BA74C1D11F257003F6409 /* RoutingTable.hpp in Headers */ = {isa = PBXBuildFile; fileRef = 7C9BA73D1D11F257003F6409 /* RoutingTable.hpp */; settings = {ATTRIBUTES = (Public, ); }; };
		7C9BA74D1D11F257003F6409 /* Thread.hpp in Headers */ = {isa = PBXBuildFile; fileRef = 7C9BA73E1D11F257003F6409 /* Thread.hpp */; settings = {ATTRIBUTES = (Public, ); }; };
		7C9BA7521D11F267003F6409 /* ControlPlane.cpp in Sources */ = {isa = PBXBuildFile; fileRef = 7C9BA74E1D11F267003F6409 /* ControlPlane.cpp */; };
		7C9BA7531D11F267003F6409 /* ControlPlane.hpp in Headers */ = {isa = PBXBuildFile; fileRef = 7C9BA74F1D11F267003F6409 /* ControlPlane.hpp */; settings = {ATTRIBUTES = (Public, ); }; };
		7C9BA7541D11F267003F6409 /* OneService.cpp in Sources */ = {isa = PBXBuildFile; fileRef = 7C9BA7501D11F267003F6409 /* OneService.cpp */; };
		7C9BA7551D11F267003F6409 /* OneService.hpp in Headers */ = {isa = PBXBuildFile; fileRef = 7C9BA7511D11F267003F6409 /* OneService.hpp */; settings = {ATTRIBUTES = (Public, ); }; };
		7C9BA7581D11F280003F6409 /* http_parser.c in Sources */ = {isa = PBXBuildFile; fileRef = 7C9BA7561D11F280003F6409 /* http_parser.c */; };
		7C9BA7591D11F280003F6409 /* http_parser.h in Headers */ = {isa = PBXBuildFile; fileRef = 7C9BA7571D11F280003F6409 /* http_parser.h */; settings = {ATTRIBUTES = (Public, ); }; };
		7C9BA75C1D11F290003F6409 /* lz4.c in Sources */ = {isa = PBXBuildFile; fileRef = 7C9BA75A1D11F290003F6409 /* lz4.c */; };
		7C9BA75D1D11F290003F6409 /* lz4.h in Headers */ = {isa = PBXBuildFile; fileRef = 7C9BA75B1D11F290003F6409 /* lz4.h */; settings = {ATTRIBUTES = (Public, ); }; };
		7C9BA7661D11F2A2003F6409 /* api_lib.c in Sources */ = {isa = PBXBuildFile; fileRef = 7C9BA75E1D11F2A2003F6409 /* api_lib.c */; };
		7C9BA7671D11F2A2003F6409 /* api_msg.c in Sources */ = {isa = PBXBuildFile; fileRef = 7C9BA75F1D11F2A2003F6409 /* api_msg.c */; };
		7C9BA7681D11F2A2003F6409 /* err.c in Sources */ = {isa = PBXBuildFile; fileRef = 7C9BA7601D11F2A2003F6409 /* err.c */; };
		7C9BA7691D11F2A2003F6409 /* netbuf.c in Sources */ = {isa = PBXBuildFile; fileRef = 7C9BA7611D11F2A2003F6409 /* netbuf.c */; };
		7C9BA76A1D11F2A2003F6409 /* netdb.c in Sources */ = {isa = PBXBuildFile; fileRef = 7C9BA7621D11F2A2003F6409 /* netdb.c */; };
		7C9BA76B1D11F2A2003F6409 /* netifapi.c in Sources */ = {isa = PBXBuildFile; fileRef = 7C9BA7631D11F2A2003F6409 /* netifapi.c */; };
		7C9BA76C1D11F2A2003F6409 /* sockets.c in Sources */ = {isa = PBXBuildFile; fileRef = 7C9BA7641D11F2A2003F6409 /* sockets.c */; };
		7C9BA76D1D11F2A2003F6409 /* tcpip.c in Sources */ = {isa = PBXBuildFile; fileRef = 7C9BA7651D11F2A2003F6409 /* tcpip.c */; };
		7C9BA77E1D11F2B1003F6409 /* def.c in Sources */ = {isa = PBXBuildFile; fileRef = 7C9BA76E1D11F2B1003F6409 /* def.c */; };
		7C9BA77F1D11F2B1003F6409 /* dhcp.c in Sources */ = {isa = PBXBuildFile; fileRef = 7C9BA76F1D11F2B1003F6409 /* dhcp.c */; };
		7C9BA7801D11F2B1003F6409 /* dns.c in Sources */ = {isa = PBXBuildFile; fileRef = 7C9BA7701D11F2B1003F6409 /* dns.c */; };
		7C9BA7811D11F2B1003F6409 /* init.c in Sources */ = {isa = PBXBuildFile; fileRef = 7C9BA7711D11F2B1003F6409 /* init.c */; };
		7C9BA7821D11F2B1003F6409 /* mem.c in Sources */ = {isa = PBXBuildFile; fileRef = 7C9BA7721D11F2B1003F6409 /* mem.c */; };
		7C9BA7831D11F2B1003F6409 /* memp.c in Sources */ = {isa = PBXBuildFile; fileRef = 7C9BA7731D11F2B1003F6409 /* memp.c */; };
		7C9BA7841D11F2B1003F6409 /* netif.c in Sources */ = {isa = PBXBuildFile; fileRef = 7C9BA7741D11F2B1003F6409 /* netif.c */; };
		7C9BA7851D11F2B1003F6409 /* pbuf.c in Sources */ = {isa = PBXBuildFile; fileRef = 7C9BA7751D11F2B1003F6409 /* pbuf.c */; };
		7C9BA7861D11F2B1003F6409 /* raw.c in Sources */ = {isa = PBXBuildFile; fileRef = 7C9BA7761D11F2B1003F6409 /* raw.c */; };
		7C9BA7871D11F2B1003F6409 /* stats.c in Sources */ = {isa = PBXBuildFile; fileRef = 7C9BA7771D11F2B1003F6409 /* stats.c */; };
		7C9BA7881D11F2B1003F6409 /* sys.c in Sources */ = {isa = PBXBuildFile; fileRef = 7C9BA7781D11F2B1003F6409 /* sys.c */; };
		7C9BA7891D11F2B1003F6409 /* tcp_in.c in Sources */ = {isa = PBXBuildFile; fileRef = 7C9BA7791D11F2B1003F6409 /* tcp_in.c */; };
		7C9BA78A1D11F2B1003F6409 /* tcp_out.c in Sources */ = {isa = PBXBuildFile; fileRef = 7C9BA77A1D11F2B1003F6409 /* tcp_out.c */; };
		7C9BA78B1D11F2B1003F6409 /* tcp.c in Sources */ = {isa = PBXBuildFile; fileRef = 7C9BA77B1D11F2B1003F6409 /* tcp.c */; };
		7C9BA78C1D11F2B1003F6409 /* timers.c in Sources */ = {isa = PBXBuildFile; fileRef = 7C9BA77C1D11F2B1003F6409 /* timers.c */; };
		7C9BA78D1D11F2B1003F6409 /* udp.c in Sources */ = {isa = PBXBuildFile; fileRef = 7C9BA77D1D11F2B1003F6409 /* udp.c */; };
		7C9BA7961D11F2C3003F6409 /* autoip.c in Sources */ = {isa = PBXBuildFile; fileRef = 7C9BA78E1D11F2C3003F6409 /* autoip.c */; };
		7C9BA7971D11F2C3003F6409 /* icmp.c in Sources */ = {isa = PBXBuildFile; fileRef = 7C9BA78F1D11F2C3003F6409 /* icmp.c */; };
		7C9BA7981D11F2C3003F6409 /* igmp.c in Sources */ = {isa = PBXBuildFile; fileRef = 7C9BA7901D11F2C3003F6409 /* igmp.c */; };
		7C9BA7991D11F2C3003F6409 /* inet_chksum.c in Sources */ = {isa = PBXBuildFile; fileRef = 7C9BA7911D11F2C3003F6409 /* inet_chksum.c */; };
		7C9BA79A1D11F2C3003F6409 /* inet.c in Sources */ = {isa = PBXBuildFile; fileRef = 7C9BA7921D11F2C3003F6409 /* inet.c */; };
		7C9BA79B1D11F2C3003F6409 /* ip_addr.c in Sources */ = {isa = PBXBuildFile; fileRef = 7C9BA7931D11F2C3003F6409 /* ip_addr.c */; };
		7C9BA79C1D11F2C3003F6409 /* ip_frag.c in Sources */ = {isa = PBXBuildFile; fileRef = 7C9BA7941D11F2C3003F6409 /* ip_frag.c */; };
		7C9BA79D1D11F2C3003F6409 /* ip.c in Sources */ = {isa = PBXBuildFile; fileRef = 7C9BA7951D11F2C3003F6409 /* ip.c */; };
		7C9BA7BF1D11F2D7003F6409 /* api_msg.h in Headers */ = {isa = PBXBuildFile; fileRef = 7C9BA79E1D11F2D7003F6409 /* api_msg.h */; settings = {ATTRIBUTES = (Public, ); }; };
		7C9BA7C01D11F2D7003F6409 /* api.h in Headers */ = {isa = PBXBuildFile; fileRef = 7C9BA79F1D11F2D7003F6409 /* api.h */; settings = {ATTRIBUTES = (Public, ); }; };
		7C9BA7C11D11F2D7003F6409 /* arch.h in Headers */ = {isa = PBXBuildFile; fileRef = 7C9BA7A01D11F2D7003F6409 /* arch.h */; settings = {ATTRIBUTES = (Public, ); }; };
		7C9BA7C21D11F2D7003F6409 /* debug.h in Headers */ = {isa = PBXBuildFile; fileRef = 7C9BA7A11D11F2D7003F6409 /* debug.h */; settings = {ATTRIBUTES = (Public, ); }; };
		7C9BA7C31D11F2D7003F6409 /* def.h in Headers */ = {isa = PBXBuildFile; fileRef = 7C9BA7A21D11F2D7003F6409 /* def.h */; settings = {ATTRIBUTES = (Public, ); }; };
		7C9BA7C41D11F2D7003F6409 /* dhcp.h in Headers */ = {isa = PBXBuildFile; fileRef = 7C9BA7A31D11F2D7003F6409 /* dhcp.h */; settings = {ATTRIBUTES = (Public, ); }; };
		7C9BA7C51D11F2D7003F6409 /* dns.h in Headers */ = {isa = PBXBuildFile; fileRef = 7C9BA7A41D11F2D7003F6409 /* dns.h */; settings = {ATTRIBUTES = (Public, ); }; };
		7C9BA7C61D11F2D7003F6409 /* err.h in Headers */ = {isa = PBXBuildFile; fileRef = 7C9BA7A51D11F2D7003F6409 /* err.h */; settings = {ATTRIBUTES = (Public, ); }; };
		7C9BA7C71D11F2D7003F6409 /* init.h in Headers */ = {isa = PBXBuildFile; fileRef = 7C9BA7A61D11F2D7003F6409 /* init.h */; settings = {ATTRIBUTES = (Public, ); }; };
		7C9BA7C81D11F2D7003F6409 /* ip.h in Headers */ = {isa = PBXBuildFile; fileRef = 7C9BA7A71D11F2D7003F6409 /* ip.h */; settings = {ATTRIBUTES = (Public, ); }; };
		7C9BA7C91D11F2D7003F6409 /* mem.h in Headers */ = {isa = PBXBuildFile; fileRef = 7C9BA7A81D11F2D7003F6409 /* mem.h */; settings = {ATTRIBUTES = (Public, ); }; };
		7C9BA7CA1D11F2D7003F6409 /* memp_std.h in Headers */ = {isa = PBXBuildFile; fileRef = 7C9BA7A91D11F2D7003F6409 /* memp_std.h */; settings = {ATTRIBUTES = (Public, ); }; };
		7C9BA7CB1D11F2D7003F6409 /* memp.h in Headers */ = {isa = PBXBuildFile; fileRef = 7C9BA7AA1D11F2D7003F6409 /* memp.h */; settings = {ATTRIBUTES = (Public, ); }; };
		7C9BA7CC1D11F2D7003F6409 /* netbuf.h in Headers */ = {isa = PBXBuildFile; fileRef = 7C9BA7AB1D11F2D7003F6409 /* netbuf.h */; settings = {ATTRIBUTES = (Public, ); }; };
		7C9BA7CD1D11F2D7003F6409 /* netdb.h in Headers */ = {isa = PBXBuildFile; fileRef = 7C9BA7AC1D11F2D7003F6409 /* netdb.h */; settings = {ATTRIBUTES = (Public, ); }; };
		7C9BA7CE1D11F2D7003F6409 /* netif.h in Headers */ = {isa = PBXBuildFile; fileRef = 7C9BA7AD1D11F2D7003F6409 /* netif.h */; settings = {ATTRIBUTES = (Public, ); }; };
		7C9BA7CF1D11F2D7003F6409 /* netifapi.h in Headers */ = {isa = PBXBuildFile; fileRef = 7C9BA7AE1D11F2D7003F6409 /* netifapi.h */; settings = {ATTRIBUTES = (Public, ); }; };
		7C9BA7D01D11F2D7003F6409 /* opt.h in Headers */ = {isa = PBXBuildFile; fileRef = 7C9BA7AF1D11F2D7003F6409 /* opt.h */; settings = {ATTRIBUTES = (Public, ); }; };
		7C9BA7D11D11F2D7003F6409 /* pbuf.h in Headers */ = {isa = PBXBuildFile; fileRef = 7C9BA7B01D11F2D7003F6409 /* pbuf.h */; settings = {ATTRIBUTES = (Public, ); }; };
		7C9BA7D21D11F2D7003F6409 /* raw.h in Headers */ = {isa = PBXBuildFile; fileRef = 7C9BA7B11D11F2D7003F6409 /* raw.h */; settings = {ATTRIBUTES = (Public, ); }; };
		7C9BA7D31D11F2D7003F6409 /* sio.h in Headers */ = {isa = PBXBuildFile; fileRef = 7C9BA7B21D11F2D7003F6409 /* sio.h */; settings = {ATTRIBUTES = (Public, ); }; };
		7C9BA7D41D11F2D7003F6409 /* snmp_asn1.h in Headers */ = {isa = PBXBuildFile; fileRef = 7C9BA7B31D11F2D7003F6409 /* snmp_asn1.h */; settings = {ATTRIBUTES = (Public, ); }; };
		7C9BA7D51D11F2D7003F6409 /* snmp_msg.h in Headers */ = {isa = PBXBuildFile; fileRef = 7C9BA7B41D11F2D7003F6409 /* snmp_msg.h */; settings = {ATTRIBUTES = (Public, ); }; };
		7C9BA7D61D11F2D7003F6409 /* snmp_structs.h in Headers */ = {isa = PBXBuildFile; fileRef = 7C9BA7B51D11F2D7003F6409 /* snmp_structs.h */; settings = {ATTRIBUTES = (Public, ); }; };
		7C9BA7D71D11F2D7003F6409 /* snmp.h in Headers */ = {isa = PBXBuildFile; fileRef = 7C9BA7B61D11F2D7003F6409 /* snmp.h */; settings = {ATTRIBUTES = (Public, ); }; };
		7C9BA7D81D11F2D7003F6409 /* sockets.h in Headers */ = {isa = PBXBuildFile; fileRef = 7C9BA7B71D11F2D7003F6409 /* sockets.h */; settings = {ATTRIBUTES = (Public, ); }; };
		7C9BA7D91D11F2D7003F6409 /* stats.h in Headers */ = {isa = PBXBuildFile; fileRef = 7C9BA7B81D11F2D7003F6409 /* stats.h */; settings = {ATTRIBUTES = (Public, ); }; };
		7C9BA7DA1D11F2D7003F6409 /* sys.h in Headers */ = {isa = PBXBuildFile; fileRef = 7C9BA7B91D11F2D7003F6409 /* sys.h */; settings = {ATTRIBUTES = (Public, ); }; };
		7C9BA7DB1D11F2D7003F6409 /* tcp_impl.h in Headers */ = {isa = PBXBuildFile; fileRef = 7C9BA7BA1D11F2D7003F6409 /* tcp_impl.h */; settings = {ATTRIBUTES = (Public, ); }; };
		7C9BA7DC1D11F2D7003F6409 /* tcp.h in Headers */ = {isa = PBXBuildFile; fileRef = 7C9BA7BB1D11F2D7003F6409 /* tcp.h */; settings = {ATTRIBUTES = (Public, ); }; };
		7C9BA7DD1D11F2D7003F6409 /* tcpip.h in Headers */ = {isa = PBXBuildFile; fileRef = 7C9BA7BC1D11F2D7003F6409 /* tcpip.h */; settings = {ATTRIBUTES = (Public, ); }; };
		7C9BA7DE1D11F2D7003F6409 /* timers.h in Headers */ = {isa = PBXBuildFile; fileRef = 7C9BA7BD1D11F2D7003F6409 /* timers.h */; settings = {ATTRIBUTES = (Public, ); }; };
		7C9BA7DF1D11F2D7003F6409 /* udp.h in Headers */ = {isa = PBXBuildFile; fileRef = 7C9BA7BE1D11F2D7003F6409 /* udp.h */; settings = {ATTRIBUTES = (Public, ); }; };
		7C9BA7E81D11F2F1003F6409 /* autoip.h in Headers */ = {isa = PBXBuildFile; fileRef = 7C9BA7E01D11F2F1003F6409 /* autoip.h */; settings = {ATTRIBUTES = (Public, ); }; };
		7C9BA7E91D11F2F1003F6409 /* icmp.h in Headers */ = {isa = PBXBuildFile; fileRef = 7C9BA7E11D11F2F1003F6409 /* icmp.h */; settings = {ATTRIBUTES = (Public, ); }; };
		7C9BA7EA1D11F2F1003F6409 /* igmp.h in Headers */ = {isa = PBXBuildFile; fileRef = 7C9BA7E21D11F2F1003F6409 /* igmp.h */; settings = {ATTRIBUTES = (Public, ); }; };
		7C9BA7EB1D11F2F1003F6409 /* inet_chksum.h in Headers */ = {isa = PBXBuildFile; fileRef = 7C9BA7E31D11F2F1003F6409 /* inet_chksum.h */; settings = {ATTRIBUTES = (Public, ); }; };
		7C9BA7EC1D11F2F1003F6409 /* inet.h in Headers */ = {isa = PBXBuildFile; fileRef = 7C9BA7E41D11F2F1003F6409 /* inet.h */; settings = {ATTRIBUTES = (Public, ); }; };
		7C9BA7ED1D11F2F1003F6409 /* ip_addr.h in Headers */ = {isa = PBXBuildFile; fileRef = 7C9BA7E51D11F2F1003F6409 /* ip_addr.h */; settings = {ATTRIBUTES = (Public, ); }; };
		7C9BA7EE1D11F2F1003F6409 /* ip_frag.h in Headers */ = {isa = PBXBuildFile; fileRef = 7C9BA7E61D11F2F1003F6409 /* ip_frag.h */; settings = {ATTRIBUTES = (Public, ); }; };
		7C9BA7EF1D11F2F1003F6409 /* ip.h in Headers */ = {isa = PBXBuildFile; fileRef = 7C9BA7E71D11F2F1003F6409 /* ip.h */; settings = {ATTRIBUTES = (Public, ); }; };
		7C9BA7F11D11F452003F6409 /* lwipopts.h in Headers */ = {isa = PBXBuildFile; fileRef = 7C9BA7F01D11F452003F6409 /* lwipopts.h */; settings = {ATTRIBUTES = (Public, ); }; };
/* End PBXBuildFile section */

/* Begin PBXFileReference section */
		7C936A341D11EBEA00470058 /* ZeroTierSDK_iOS.framework */ = {isa = PBXFileReference; explicitFileType = wrapper.framework; includeInIndex = 0; path = ZeroTierSDK_iOS.framework; sourceTree = BUILT_PRODUCTS_DIR; };
		7C936A371D11EBEA00470058 /* ZeroTierSDK_iOS.h */ = {isa = PBXFileReference; lastKnownFileType = sourcecode.c.h; path = ZeroTierSDK_iOS.h; sourceTree = "<group>"; };
		7C936A391D11EBEA00470058 /* Info.plist */ = {isa = PBXFileReference; lastKnownFileType = text.plist.xml; path = Info.plist; sourceTree = "<group>"; };
		7C936A431D11EC3000470058 /* SDK_Debug.c */ = {isa = PBXFileReference; fileEncoding = 4; lastKnownFileType = sourcecode.c.c; name = SDK_Debug.c; path = ../../../src/SDK_Debug.c; sourceTree = "<group>"; };
		7C936A441D11EC3000470058 /* SDK_Debug.h */ = {isa = PBXFileReference; fileEncoding = 4; lastKnownFileType = sourcecode.c.h; name = SDK_Debug.h; path = ../../../src/SDK_Debug.h; sourceTree = "<group>"; };
		7C936A451D11EC3000470058 /* SDK_EthernetTap.cpp */ = {isa = PBXFileReference; fileEncoding = 4; lastKnownFileType = sourcecode.cpp.cpp; name = SDK_EthernetTap.cpp; path = ../../../src/SDK_EthernetTap.cpp; sourceTree = "<group>"; };
		7C936A461D11EC3000470058 /* SDK_EthernetTap.hpp */ = {isa = PBXFileReference; fileEncoding = 4; lastKnownFileType = sourcecode.cpp.h; name = SDK_EthernetTap.hpp; path = ../../../src/SDK_EthernetTap.hpp; sourceTree = "<group>"; };
		7C936A471D11EC3000470058 /* SDK_Intercept.c */ = {isa = PBXFileReference; fileEncoding = 4; lastKnownFileType = sourcecode.c.c; name = SDK_Intercept.c; path = ../../../src/SDK_Intercept.c; sourceTree = "<group>"; };
		7C936A481D11EC3000470058 /* SDK_LWIPStack.hpp */ = {isa = PBXFileReference; fileEncoding = 4; lastKnownFileType = sourcecode.cpp.h; name = SDK_LWIPStack.hpp; path = ../../../src/SDK_LWIPStack.hpp; sourceTree = "<group>"; };
		7C936A491D11EC3000470058 /* SDK_Proxy.cpp */ = {isa = PBXFileReference; fileEncoding = 4; lastKnownFileType = sourcecode.cpp.cpp; name = SDK_Proxy.cpp; path = ../../../src/SDK_Proxy.cpp; sourceTree = "<group>"; };
		7C936A4A1D11EC3000470058 /* SDK_RPC.c */ = {isa = PBXFileReference; fileEncoding = 4; lastKnownFileType = sourcecode.c.c; name = SDK_RPC.c; path = ../../../src/SDK_RPC.c; sourceTree = "<group>"; };
		7C936A4B1D11EC3000470058 /* SDK_RPC.h */ = {isa = PBXFileReference; fileEncoding = 4; lastKnownFileType = sourcecode.c.h; name = SDK_RPC.h; path = ../../../src/SDK_RPC.h; sourceTree = "<group>"; };
		7C936A4C1D11EC3000470058 /* SDK_ServiceSetup.cpp */ = {isa = PBXFileReference; fileEncoding = 4; lastKnownFileType = sourcecode.cpp.cpp; name = SDK_ServiceSetup.cpp; path = ../../../src/SDK_ServiceSetup.cpp; sourceTree = "<group>"; };
		7C936A4D1D11EC3000470058 /* SDK_ServiceSetup.hpp */ = {isa = PBXFileReference; fileEncoding = 4; lastKnownFileType = sourcecode.cpp.h; name = SDK_ServiceSetup.hpp; path = ../../../src/SDK_ServiceSetup.hpp; sourceTree = "<group>"; };
		7C936A4E1D11EC3000470058 /* SDK_Signatures.h */ = {isa = PBXFileReference; fileEncoding = 4; lastKnownFileType = sourcecode.c.h; name = SDK_Signatures.h; path = ../../../src/SDK_Signatures.h; sourceTree = "<group>"; };
		7C936A4F1D11EC3000470058 /* SDK_Sockets.c */ = {isa = PBXFileReference; fileEncoding = 4; lastKnownFileType = sourcecode.c.c; name = SDK_Sockets.c; path = ../../../src/SDK_Sockets.c; sourceTree = "<group>"; };
		7C936A501D11EC3000470058 /* SDK.h */ = {isa = PBXFileReference; fileEncoding = 4; lastKnownFileType = sourcecode.c.h; name = SDK.h; path = ../../../src/SDK.h; sourceTree = "<group>"; };
		7C9BA6B41D11F235003F6409 /* Address.hpp */ = {isa = PBXFileReference; fileEncoding = 4; lastKnownFileType = sourcecode.cpp.h; name = Address.hpp; path = ../../../zerotierone/node/Address.hpp; sourceTree = "<group>"; };
		7C9BA6B51D11F235003F6409 /* Array.hpp */ = {isa = PBXFileReference; fileEncoding = 4; lastKnownFileType = sourcecode.cpp.h; name = Array.hpp; path = ../../../zerotierone/node/Array.hpp; sourceTree = "<group>"; };
		7C9BA6B61D11F235003F6409 /* AtomicCounter.hpp */ = {isa = PBXFileReference; fileEncoding = 4; lastKnownFileType = sourcecode.cpp.h; name = AtomicCounter.hpp; path = ../../../zerotierone/node/AtomicCounter.hpp; sourceTree = "<group>"; };
		7C9BA6B71D11F235003F6409 /* BinarySemaphore.hpp */ = {isa = PBXFileReference; fileEncoding = 4; lastKnownFileType = sourcecode.cpp.h; name = BinarySemaphore.hpp; path = ../../../zerotierone/node/BinarySemaphore.hpp; sourceTree = "<group>"; };
		7C9BA6B81D11F235003F6409 /* Buffer.hpp */ = {isa = PBXFileReference; fileEncoding = 4; lastKnownFileType = sourcecode.cpp.h; name = Buffer.hpp; path = ../../../zerotierone/node/Buffer.hpp; sourceTree = "<group>"; };
		7C9BA6B91D11F235003F6409 /* C25519.cpp */ = {isa = PBXFileReference; fileEncoding = 4; lastKnownFileType = sourcecode.cpp.cpp; name = C25519.cpp; path = ../../../zerotierone/node/C25519.cpp; sourceTree = "<group>"; };
		7C9BA6BA1D11F235003F6409 /* C25519.hpp */ = {isa = PBXFileReference; fileEncoding = 4; lastKnownFileType = sourcecode.cpp.h; name = C25519.hpp; path = ../../../zerotierone/node/C25519.hpp; sourceTree = "<group>"; };
		7C9BA6BB1D11F235003F6409 /* CertificateOfMembership.cpp */ = {isa = PBXFileReference; fileEncoding = 4; lastKnownFileType = sourcecode.cpp.cpp; name = CertificateOfMembership.cpp; path = ../../../zerotierone/node/CertificateOfMembership.cpp; sourceTree = "<group>"; };
		7C9BA6BC1D11F235003F6409 /* CertificateOfMembership.hpp */ = {isa = PBXFileReference; fileEncoding = 4; lastKnownFileType = sourcecode.cpp.h; name = CertificateOfMembership.hpp; path = ../../../zerotierone/node/CertificateOfMembership.hpp; sourceTree = "<group>"; };
		7C9BA6BD1D11F235003F6409 /* Cluster.cpp */ = {isa = PBXFileReference; fileEncoding = 4; lastKnownFileType = sourcecode.cpp.cpp; name = Cluster.cpp; path = ../../../zerotierone/node/Cluster.cpp; sourceTree = "<group>"; };
		7C9BA6BE1D11F235003F6409 /* Cluster.hpp */ = {isa = PBXFileReference; fileEncoding = 4; lastKnownFileType = sourcecode.cpp.h; name = Cluster.hpp; path = ../../../zerotierone/node/Cluster.hpp; sourceTree = "<group>"; };
		7C9BA6BF1D11F235003F6409 /* Constants.hpp */ = {isa = PBXFileReference; fileEncoding = 4; lastKnownFileType = sourcecode.cpp.h; name = Constants.hpp; path = ../../../zerotierone/node/Constants.hpp; sourceTree = "<group>"; };
		7C9BA6C01D11F235003F6409 /* DeferredPackets.cpp */ = {isa = PBXFileReference; fileEncoding = 4; lastKnownFileType = sourcecode.cpp.cpp; name = DeferredPackets.cpp; path = ../../../zerotierone/node/DeferredPackets.cpp; sourceTree = "<group>"; };
		7C9BA6C11D11F235003F6409 /* DeferredPackets.hpp */ = {isa = PBXFileReference; fileEncoding = 4; lastKnownFileType = sourcecode.cpp.h; name = DeferredPackets.hpp; path = ../../../zerotierone/node/DeferredPackets.hpp; sourceTree = "<group>"; };
		7C9BA6C21D11F235003F6409 /* Dictionary.cpp */ = {isa = PBXFileReference; fileEncoding = 4; lastKnownFileType = sourcecode.cpp.cpp; name = Dictionary.cpp; path = ../../../zerotierone/node/Dictionary.cpp; sourceTree = "<group>"; };
		7C9BA6C31D11F235003F6409 /* Dictionary.hpp */ = {isa = PBXFileReference; fileEncoding = 4; lastKnownFileType = sourcecode.cpp.h; name = Dictionary.hpp; path = ../../../zerotierone/node/Dictionary.hpp; sourceTree = "<group>"; };
		7C9BA6C41D11F235003F6409 /* Hashtable.hpp */ = {isa = PBXFileReference; fileEncoding = 4; lastKnownFileType = sourcecode.cpp.h; name = Hashtable.hpp; path = ../../../zerotierone/node/Hashtable.hpp; sourceTree = "<group>"; };
		7C9BA6C51D11F235003F6409 /* Identity.cpp */ = {isa = PBXFileReference; fileEncoding = 4; lastKnownFileType = sourcecode.cpp.cpp; name = Identity.cpp; path = ../../../zerotierone/node/Identity.cpp; sourceTree = "<group>"; };
		7C9BA6C61D11F235003F6409 /* Identity.hpp */ = {isa = PBXFileReference; fileEncoding = 4; lastKnownFileType = sourcecode.cpp.h; name = Identity.hpp; path = ../../../zerotierone/node/Identity.hpp; sourceTree = "<group>"; };
		7C9BA6C71D11F235003F6409 /* IncomingPacket.cpp */ = {isa = PBXFileReference; fileEncoding = 4; lastKnownFileType = sourcecode.cpp.cpp; name = IncomingPacket.cpp; path = ../../../zerotierone/node/IncomingPacket.cpp; sourceTree = "<group>"; };
		7C9BA6C81D11F235003F6409 /* IncomingPacket.hpp */ = {isa = PBXFileReference; fileEncoding = 4; lastKnownFileType = sourcecode.cpp.h; name = IncomingPacket.hpp; path = ../../../zerotierone/node/IncomingPacket.hpp; sourceTree = "<group>"; };
		7C9BA6C91D11F235003F6409 /* InetAddress.cpp */ = {isa = PBXFileReference; fileEncoding = 4; lastKnownFileType = sourcecode.cpp.cpp; name = InetAddress.cpp; path = ../../../zerotierone/node/InetAddress.cpp; sourceTree = "<group>"; };
		7C9BA6CA1D11F235003F6409 /* InetAddress.hpp */ = {isa = PBXFileReference; fileEncoding = 4; lastKnownFileType = sourcecode.cpp.h; name = InetAddress.hpp; path = ../../../zerotierone/node/InetAddress.hpp; sourceTree = "<group>"; };
		7C9BA6CB1D11F235003F6409 /* MAC.hpp */ = {isa = PBXFileReference; fileEncoding = 4; lastKnownFileType = sourcecode.cpp.h; name = MAC.hpp; path = ../../../zerotierone/node/MAC.hpp; sourceTree = "<group>"; };
		7C9BA6CC1D11F235003F6409 /* Multicaster.cpp */ = {isa = PBXFileReference; fileEncoding = 4; lastKnownFileType = sourcecode.cpp.cpp; name = Multicaster.cpp; path = ../../../zerotierone/node/Multicaster.cpp; sourceTree = "<group>"; };
		7C9BA6CD1D11F235003F6409 /* Multicaster.hpp */ = {isa = PBXFileReference; fileEncoding = 4; lastKnownFileType = sourcecode.cpp.h; name = Multicaster.hpp; path = ../../../zerotierone/node/Multicaster.hpp; sourceTree = "<group>"; };
		7C9BA6CE1D11F235003F6409 /* MulticastGroup.hpp */ = {isa = PBXFileReference; fileEncoding = 4; lastKnownFileType = sourcecode.cpp.h; name = MulticastGroup.hpp; path = ../../../zerotierone/node/MulticastGroup.hpp; sourceTree = "<group>"; };
		7C9BA6CF1D11F235003F6409 /* Mutex.hpp */ = {isa = PBXFileReference; fileEncoding = 4; lastKnownFileType = sourcecode.cpp.h; name = Mutex.hpp; path = ../../../zerotierone/node/Mutex.hpp; sourceTree = "<group>"; };
		7C9BA6D01D11F235003F6409 /* Network.cpp */ = {isa = PBXFileReference; fileEncoding = 4; lastKnownFileType = sourcecode.cpp.cpp; name = Network.cpp; path = ../../../zerotierone/node/Network.cpp; sourceTree = "<group>"; };
		7C9BA6D11D11F235003F6409 /* Network.hpp */ = {isa = PBXFileReference; fileEncoding = 4; lastKnownFileType = sourcecode.cpp.h; name = Network.hpp; path = ../../../zerotierone/node/Network.hpp; sourceTree = "<group>"; };
		7C9BA6D21D11F235003F6409 /* NetworkConfig.cpp */ = {isa = PBXFileReference; fileEncoding = 4; lastKnownFileType = sourcecode.cpp.cpp; name = NetworkConfig.cpp; path = ../../../zerotierone/node/NetworkConfig.cpp; sourceTree = "<group>"; };
		7C9BA6D31D11F235003F6409 /* NetworkConfig.hpp */ = {isa = PBXFileReference; fileEncoding = 4; lastKnownFileType = sourcecode.cpp.h; name = NetworkConfig.hpp; path = ../../../zerotierone/node/NetworkConfig.hpp; sourceTree = "<group>"; };
		7C9BA6D41D11F235003F6409 /* NetworkConfigRequestMetaData.hpp */ = {isa = PBXFileReference; fileEncoding = 4; lastKnownFileType = sourcecode.cpp.h; name = NetworkConfigRequestMetaData.hpp; path = ../../../zerotierone/node/NetworkConfigRequestMetaData.hpp; sourceTree = "<group>"; };
		7C9BA6D51D11F235003F6409 /* NetworkController.hpp */ = {isa = PBXFileReference; fileEncoding = 4; lastKnownFileType = sourcecode.cpp.h; name = NetworkController.hpp; path = ../../../zerotierone/node/NetworkController.hpp; sourceTree = "<group>"; };
		7C9BA6D61D11F235003F6409 /* Node.cpp */ = {isa = PBXFileReference; fileEncoding = 4; lastKnownFileType = sourcecode.cpp.cpp; name = Node.cpp; path = ../../../zerotierone/node/Node.cpp; sourceTree = "<group>"; };
		7C9BA6D71D11F235003F6409 /* Node.hpp */ = {isa = PBXFileReference; fileEncoding = 4; lastKnownFileType = sourcecode.cpp.h; name = Node.hpp; path = ../../../zerotierone/node/Node.hpp; sourceTree = "<group>"; };
		7C9BA6D81D11F235003F6409 /* NonCopyable.hpp */ = {isa = PBXFileReference; fileEncoding = 4; lastKnownFileType = sourcecode.cpp.h; name = NonCopyable.hpp; path = ../../../zerotierone/node/NonCopyable.hpp; sourceTree = "<group>"; };
		7C9BA6D91D11F235003F6409 /* OutboundMulticast.cpp */ = {isa = PBXFileReference; fileEncoding = 4; lastKnownFileType = sourcecode.cpp.cpp; name = OutboundMulticast.cpp; path = ../../../zerotierone/node/OutboundMulticast.cpp; sourceTree = "<group>"; };
		7C9BA6DA1D11F235003F6409 /* OutboundMulticast.hpp */ = {isa = PBXFileReference; fileEncoding = 4; lastKnownFileType = sourcecode.cpp.h; name = OutboundMulticast.hpp; path = ../../../zerotierone/node/OutboundMulticast.hpp; sourceTree = "<group>"; };
		7C9BA6DB1D11F235003F6409 /* Packet.cpp */ = {isa = PBXFileReference; fileEncoding = 4; lastKnownFileType = sourcecode.cpp.cpp; name = Packet.cpp; path = ../../../zerotierone/node/Packet.cpp; sourceTree = "<group>"; };
		7C9BA6DC1D11F235003F6409 /* Packet.hpp */ = {isa = PBXFileReference; fileEncoding = 4; lastKnownFileType = sourcecode.cpp.h; name = Packet.hpp; path = ../../../zerotierone/node/Packet.hpp; sourceTree = "<group>"; };
		7C9BA6DD1D11F235003F6409 /* Path.cpp */ = {isa = PBXFileReference; fileEncoding = 4; lastKnownFileType = sourcecode.cpp.cpp; name = Path.cpp; path = ../../../zerotierone/node/Path.cpp; sourceTree = "<group>"; };
		7C9BA6DE1D11F235003F6409 /* Path.hpp */ = {isa = PBXFileReference; fileEncoding = 4; lastKnownFileType = sourcecode.cpp.h; name = Path.hpp; path = ../../../zerotierone/node/Path.hpp; sourceTree = "<group>"; };
		7C9BA6DF1D11F235003F6409 /* Peer.cpp */ = {isa = PBXFileReference; fileEncoding = 4; lastKnownFileType = sourcecode.cpp.cpp; name = Peer.cpp; path = ../../../zerotierone/node/Peer.cpp; sourceTree = "<group>"; };
		7C9BA6E01D11F235003F6409 /* Peer.hpp */ = {isa = PBXFileReference; fileEncoding = 4; lastKnownFileType = sourcecode.cpp.h; name = Peer.hpp; path = ../../../zerotierone/node/Peer.hpp; sourceTree = "<group>"; };
		7C9BA6E11D11F235003F6409 /* Poly1305.cpp */ = {isa = PBXFileReference; fileEncoding = 4; lastKnownFileType = sourcecode.cpp.cpp; name = Poly1305.cpp; path = ../../../zerotierone/node/Poly1305.cpp; sourceTree = "<group>"; };
		7C9BA6E21D11F235003F6409 /* Poly1305.hpp */ = {isa = PBXFileReference; fileEncoding = 4; lastKnownFileType = sourcecode.cpp.h; name = Poly1305.hpp; path = ../../../zerotierone/node/Poly1305.hpp; sourceTree = "<group>"; };
		7C9BA6E31D11F235003F6409 /* RuntimeEnvironment.hpp */ = {isa = PBXFileReference; fileEncoding = 4; lastKnownFileType = sourcecode.cpp.h; name = RuntimeEnvironment.hpp; path = ../../../zerotierone/node/RuntimeEnvironment.hpp; sourceTree = "<group>"; };
		7C9BA6E41D11F235003F6409 /* Salsa20.cpp */ = {isa = PBXFileReference; fileEncoding = 4; lastKnownFileType = sourcecode.cpp.cpp; name = Salsa20.cpp; path = ../../../zerotierone/node/Salsa20.cpp; sourceTree = "<group>"; };
		7C9BA6E51D11F235003F6409 /* Salsa20.hpp */ = {isa = PBXFileReference; fileEncoding = 4; lastKnownFileType = sourcecode.cpp.h; name = Salsa20.hpp; path = ../../../zerotierone/node/Salsa20.hpp; sourceTree = "<group>"; };
		7C9BA6E61D11F235003F6409 /* SelfAwareness.cpp */ = {isa = PBXFileReference; fileEncoding = 4; lastKnownFileType = sourcecode.cpp.cpp; name = SelfAwareness.cpp; path = ../../../zerotierone/node/SelfAwareness.cpp; sourceTree = "<group>"; };
		7C9BA6E71D11F235003F6409 /* SelfAwareness.hpp */ = {isa = PBXFileReference; fileEncoding = 4; lastKnownFileType = sourcecode.cpp.h; name = SelfAwareness.hpp; path = ../../../zerotierone/node/SelfAwareness.hpp; sourceTree = "<group>"; };
		7C9BA6E81D11F235003F6409 /* SHA512.cpp */ = {isa = PBXFileReference; fileEncoding = 4; lastKnownFileType = sourcecode.cpp.cpp; name = SHA512.cpp; path = ../../../zerotierone/node/SHA512.cpp; sourceTree = "<group>"; };
		7C9BA6E91D11F235003F6409 /* SHA512.hpp */ = {isa = PBXFileReference; fileEncoding = 4; lastKnownFileType = sourcecode.cpp.h; name = SHA512.hpp; path = ../../../zerotierone/node/SHA512.hpp; sourceTree = "<group>"; };
		7C9BA6EA1D11F235003F6409 /* SharedPtr.hpp */ = {isa = PBXFileReference; fileEncoding = 4; lastKnownFileType = sourcecode.cpp.h; name = SharedPtr.hpp; path = ../../../zerotierone/node/SharedPtr.hpp; sourceTree = "<group>"; };
		7C9BA6EB1D11F235003F6409 /* Switch.cpp */ = {isa = PBXFileReference; fileEncoding = 4; lastKnownFileType = sourcecode.cpp.cpp; name = Switch.cpp; path = ../../../zerotierone/node/Switch.cpp; sourceTree = "<group>"; };
		7C9BA6EC1D11F235003F6409 /* Switch.hpp */ = {isa = PBXFileReference; fileEncoding = 4; lastKnownFileType = sourcecode.cpp.h; name = Switch.hpp; path = ../../../zerotierone/node/Switch.hpp; sourceTree = "<group>"; };
		7C9BA6ED1D11F235003F6409 /* Topology.cpp */ = {isa = PBXFileReference; fileEncoding = 4; lastKnownFileType = sourcecode.cpp.cpp; name = Topology.cpp; path = ../../../zerotierone/node/Topology.cpp; sourceTree = "<group>"; };
		7C9BA6EE1D11F235003F6409 /* Topology.hpp */ = {isa = PBXFileReference; fileEncoding = 4; lastKnownFileType = sourcecode.cpp.h; name = Topology.hpp; path = ../../../zerotierone/node/Topology.hpp; sourceTree = "<group>"; };
		7C9BA6EF1D11F235003F6409 /* Utils.cpp */ = {isa = PBXFileReference; fileEncoding = 4; lastKnownFileType = sourcecode.cpp.cpp; name = Utils.cpp; path = ../../../zerotierone/node/Utils.cpp; sourceTree = "<group>"; };
		7C9BA6F01D11F235003F6409 /* Utils.hpp */ = {isa = PBXFileReference; fileEncoding = 4; lastKnownFileType = sourcecode.cpp.h; name = Utils.hpp; path = ../../../zerotierone/node/Utils.hpp; sourceTree = "<group>"; };
		7C9BA6F11D11F235003F6409 /* World.hpp */ = {isa = PBXFileReference; fileEncoding = 4; lastKnownFileType = sourcecode.cpp.h; name = World.hpp; path = ../../../zerotierone/node/World.hpp; sourceTree = "<group>"; };
		7C9BA7301D11F257003F6409 /* Arp.cpp */ = {isa = PBXFileReference; fileEncoding = 4; lastKnownFileType = sourcecode.cpp.cpp; name = Arp.cpp; path = ../../../zerotierone/osdep/Arp.cpp; sourceTree = "<group>"; };
		7C9BA7311D11F257003F6409 /* Arp.hpp */ = {isa = PBXFileReference; fileEncoding = 4; lastKnownFileType = sourcecode.cpp.h; name = Arp.hpp; path = ../../../zerotierone/osdep/Arp.hpp; sourceTree = "<group>"; };
		7C9BA7321D11F257003F6409 /* BackgroundResolver.cpp */ = {isa = PBXFileReference; fileEncoding = 4; lastKnownFileType = sourcecode.cpp.cpp; name = BackgroundResolver.cpp; path = ../../../zerotierone/osdep/BackgroundResolver.cpp; sourceTree = "<group>"; };
		7C9BA7331D11F257003F6409 /* BackgroundResolver.hpp */ = {isa = PBXFileReference; fileEncoding = 4; lastKnownFileType = sourcecode.cpp.h; name = BackgroundResolver.hpp; path = ../../../zerotierone/osdep/BackgroundResolver.hpp; sourceTree = "<group>"; };
		7C9BA7341D11F257003F6409 /* Binder.hpp */ = {isa = PBXFileReference; fileEncoding = 4; lastKnownFileType = sourcecode.cpp.h; name = Binder.hpp; path = ../../../zerotierone/osdep/Binder.hpp; sourceTree = "<group>"; };
		7C9BA7351D11F257003F6409 /* Http.cpp */ = {isa = PBXFileReference; fileEncoding = 4; lastKnownFileType = sourcecode.cpp.cpp; name = Http.cpp; path = ../../../zerotierone/osdep/Http.cpp; sourceTree = "<group>"; };
		7C9BA7361D11F257003F6409 /* Http.hpp */ = {isa = PBXFileReference; fileEncoding = 4; lastKnownFileType = sourcecode.cpp.h; name = Http.hpp; path = ../../../zerotierone/osdep/Http.hpp; sourceTree = "<group>"; };
		7C9BA7371D11F257003F6409 /* OSUtils.cpp */ = {isa = PBXFileReference; fileEncoding = 4; lastKnownFileType = sourcecode.cpp.cpp; name = OSUtils.cpp; path = ../../../zerotierone/osdep/OSUtils.cpp; sourceTree = "<group>"; };
		7C9BA7381D11F257003F6409 /* OSUtils.hpp */ = {isa = PBXFileReference; fileEncoding = 4; lastKnownFileType = sourcecode.cpp.h; name = OSUtils.hpp; path = ../../../zerotierone/osdep/OSUtils.hpp; sourceTree = "<group>"; };
		7C9BA7391D11F257003F6409 /* Phy.hpp */ = {isa = PBXFileReference; fileEncoding = 4; lastKnownFileType = sourcecode.cpp.h; name = Phy.hpp; path = ../../../zerotierone/osdep/Phy.hpp; sourceTree = "<group>"; };
		7C9BA73A1D11F257003F6409 /* PortMapper.cpp */ = {isa = PBXFileReference; fileEncoding = 4; lastKnownFileType = sourcecode.cpp.cpp; name = PortMapper.cpp; path = ../../../zerotierone/osdep/PortMapper.cpp; sourceTree = "<group>"; };
		7C9BA73B1D11F257003F6409 /* PortMapper.hpp */ = {isa = PBXFileReference; fileEncoding = 4; lastKnownFileType = sourcecode.cpp.h; name = PortMapper.hpp; path = ../../../zerotierone/osdep/PortMapper.hpp; sourceTree = "<group>"; };
		7C9BA73C1D11F257003F6409 /* RoutingTable.cpp */ = {isa = PBXFileReference; fileEncoding = 4; lastKnownFileType = sourcecode.cpp.cpp; name = RoutingTable.cpp; path = ../../../zerotierone/osdep/RoutingTable.cpp; sourceTree = "<group>"; };
		7C9BA73D1D11F257003F6409 /* RoutingTable.hpp */ = {isa = PBXFileReference; fileEncoding = 4; lastKnownFileType = sourcecode.cpp.h; name = RoutingTable.hpp; path = ../../../zerotierone/osdep/RoutingTable.hpp; sourceTree = "<group>"; };
		7C9BA73E1D11F257003F6409 /* Thread.hpp */ = {isa = PBXFileReference; fileEncoding = 4; lastKnownFileType = sourcecode.cpp.h; name = Thread.hpp; path = ../../../zerotierone/osdep/Thread.hpp; sourceTree = "<group>"; };
		7C9BA74E1D11F267003F6409 /* ControlPlane.cpp */ = {isa = PBXFileReference; fileEncoding = 4; lastKnownFileType = sourcecode.cpp.cpp; name = ControlPlane.cpp; path = ../../../zerotierone/service/ControlPlane.cpp; sourceTree = "<group>"; };
		7C9BA74F1D11F267003F6409 /* ControlPlane.hpp */ = {isa = PBXFileReference; fileEncoding = 4; lastKnownFileType = sourcecode.cpp.h; name = ControlPlane.hpp; path = ../../../zerotierone/service/ControlPlane.hpp; sourceTree = "<group>"; };
		7C9BA7501D11F267003F6409 /* OneService.cpp */ = {isa = PBXFileReference; fileEncoding = 4; lastKnownFileType = sourcecode.cpp.cpp; name = OneService.cpp; path = ../../../zerotierone/service/OneService.cpp; sourceTree = "<group>"; };
		7C9BA7511D11F267003F6409 /* OneService.hpp */ = {isa = PBXFileReference; fileEncoding = 4; lastKnownFileType = sourcecode.cpp.h; name = OneService.hpp; path = ../../../zerotierone/service/OneService.hpp; sourceTree = "<group>"; };
		7C9BA7561D11F280003F6409 /* http_parser.c */ = {isa = PBXFileReference; fileEncoding = 4; lastKnownFileType = sourcecode.c.c; name = http_parser.c; path = "../../../../zerotierone/ext/http-parser/http_parser.c"; sourceTree = "<group>"; };
		7C9BA7571D11F280003F6409 /* http_parser.h */ = {isa = PBXFileReference; fileEncoding = 4; lastKnownFileType = sourcecode.c.h; name = http_parser.h; path = "../../../../zerotierone/ext/http-parser/http_parser.h"; sourceTree = "<group>"; };
		7C9BA75A1D11F290003F6409 /* lz4.c */ = {isa = PBXFileReference; fileEncoding = 4; lastKnownFileType = sourcecode.c.c; name = lz4.c; path = ../../../../zerotierone/ext/lz4/lz4.c; sourceTree = "<group>"; };
		7C9BA75B1D11F290003F6409 /* lz4.h */ = {isa = PBXFileReference; fileEncoding = 4; lastKnownFileType = sourcecode.c.h; name = lz4.h; path = ../../../../zerotierone/ext/lz4/lz4.h; sourceTree = "<group>"; };
		7C9BA75E1D11F2A2003F6409 /* api_lib.c */ = {isa = PBXFileReference; fileEncoding = 4; lastKnownFileType = sourcecode.c.c; name = api_lib.c; path = ../../../../ext/lwip/src/api/api_lib.c; sourceTree = "<group>"; };
		7C9BA75F1D11F2A2003F6409 /* api_msg.c */ = {isa = PBXFileReference; fileEncoding = 4; lastKnownFileType = sourcecode.c.c; name = api_msg.c; path = ../../../../ext/lwip/src/api/api_msg.c; sourceTree = "<group>"; };
		7C9BA7601D11F2A2003F6409 /* err.c */ = {isa = PBXFileReference; fileEncoding = 4; lastKnownFileType = sourcecode.c.c; name = err.c; path = ../../../../ext/lwip/src/api/err.c; sourceTree = "<group>"; };
		7C9BA7611D11F2A2003F6409 /* netbuf.c */ = {isa = PBXFileReference; fileEncoding = 4; lastKnownFileType = sourcecode.c.c; name = netbuf.c; path = ../../../../ext/lwip/src/api/netbuf.c; sourceTree = "<group>"; };
		7C9BA7621D11F2A2003F6409 /* netdb.c */ = {isa = PBXFileReference; fileEncoding = 4; lastKnownFileType = sourcecode.c.c; name = netdb.c; path = ../../../../ext/lwip/src/api/netdb.c; sourceTree = "<group>"; };
		7C9BA7631D11F2A2003F6409 /* netifapi.c */ = {isa = PBXFileReference; fileEncoding = 4; lastKnownFileType = sourcecode.c.c; name = netifapi.c; path = ../../../../ext/lwip/src/api/netifapi.c; sourceTree = "<group>"; };
		7C9BA7641D11F2A2003F6409 /* sockets.c */ = {isa = PBXFileReference; fileEncoding = 4; lastKnownFileType = sourcecode.c.c; name = sockets.c; path = ../../../../ext/lwip/src/api/sockets.c; sourceTree = "<group>"; };
		7C9BA7651D11F2A2003F6409 /* tcpip.c */ = {isa = PBXFileReference; fileEncoding = 4; lastKnownFileType = sourcecode.c.c; name = tcpip.c; path = ../../../../ext/lwip/src/api/tcpip.c; sourceTree = "<group>"; };
		7C9BA76E1D11F2B1003F6409 /* def.c */ = {isa = PBXFileReference; fileEncoding = 4; lastKnownFileType = sourcecode.c.c; name = def.c; path = ../../../../ext/lwip/src/core/def.c; sourceTree = "<group>"; };
		7C9BA76F1D11F2B1003F6409 /* dhcp.c */ = {isa = PBXFileReference; fileEncoding = 4; lastKnownFileType = sourcecode.c.c; name = dhcp.c; path = ../../../../ext/lwip/src/core/dhcp.c; sourceTree = "<group>"; };
		7C9BA7701D11F2B1003F6409 /* dns.c */ = {isa = PBXFileReference; fileEncoding = 4; lastKnownFileType = sourcecode.c.c; name = dns.c; path = ../../../../ext/lwip/src/core/dns.c; sourceTree = "<group>"; };
		7C9BA7711D11F2B1003F6409 /* init.c */ = {isa = PBXFileReference; fileEncoding = 4; lastKnownFileType = sourcecode.c.c; name = init.c; path = ../../../../ext/lwip/src/core/init.c; sourceTree = "<group>"; };
		7C9BA7721D11F2B1003F6409 /* mem.c */ = {isa = PBXFileReference; fileEncoding = 4; lastKnownFileType = sourcecode.c.c; name = mem.c; path = ../../../../ext/lwip/src/core/mem.c; sourceTree = "<group>"; };
		7C9BA7731D11F2B1003F6409 /* memp.c */ = {isa = PBXFileReference; fileEncoding = 4; lastKnownFileType = sourcecode.c.c; name = memp.c; path = ../../../../ext/lwip/src/core/memp.c; sourceTree = "<group>"; };
		7C9BA7741D11F2B1003F6409 /* netif.c */ = {isa = PBXFileReference; fileEncoding = 4; lastKnownFileType = sourcecode.c.c; name = netif.c; path = ../../../../ext/lwip/src/core/netif.c; sourceTree = "<group>"; };
		7C9BA7751D11F2B1003F6409 /* pbuf.c */ = {isa = PBXFileReference; fileEncoding = 4; lastKnownFileType = sourcecode.c.c; name = pbuf.c; path = ../../../../ext/lwip/src/core/pbuf.c; sourceTree = "<group>"; };
		7C9BA7761D11F2B1003F6409 /* raw.c */ = {isa = PBXFileReference; fileEncoding = 4; lastKnownFileType = sourcecode.c.c; name = raw.c; path = ../../../../ext/lwip/src/core/raw.c; sourceTree = "<group>"; };
		7C9BA7771D11F2B1003F6409 /* stats.c */ = {isa = PBXFileReference; fileEncoding = 4; lastKnownFileType = sourcecode.c.c; name = stats.c; path = ../../../../ext/lwip/src/core/stats.c; sourceTree = "<group>"; };
		7C9BA7781D11F2B1003F6409 /* sys.c */ = {isa = PBXFileReference; fileEncoding = 4; lastKnownFileType = sourcecode.c.c; name = sys.c; path = ../../../../ext/lwip/src/core/sys.c; sourceTree = "<group>"; };
		7C9BA7791D11F2B1003F6409 /* tcp_in.c */ = {isa = PBXFileReference; fileEncoding = 4; lastKnownFileType = sourcecode.c.c; name = tcp_in.c; path = ../../../../ext/lwip/src/core/tcp_in.c; sourceTree = "<group>"; };
		7C9BA77A1D11F2B1003F6409 /* tcp_out.c */ = {isa = PBXFileReference; fileEncoding = 4; lastKnownFileType = sourcecode.c.c; name = tcp_out.c; path = ../../../../ext/lwip/src/core/tcp_out.c; sourceTree = "<group>"; };
		7C9BA77B1D11F2B1003F6409 /* tcp.c */ = {isa = PBXFileReference; fileEncoding = 4; lastKnownFileType = sourcecode.c.c; name = tcp.c; path = ../../../../ext/lwip/src/core/tcp.c; sourceTree = "<group>"; };
		7C9BA77C1D11F2B1003F6409 /* timers.c */ = {isa = PBXFileReference; fileEncoding = 4; lastKnownFileType = sourcecode.c.c; name = timers.c; path = ../../../../ext/lwip/src/core/timers.c; sourceTree = "<group>"; };
		7C9BA77D1D11F2B1003F6409 /* udp.c */ = {isa = PBXFileReference; fileEncoding = 4; lastKnownFileType = sourcecode.c.c; name = udp.c; path = ../../../../ext/lwip/src/core/udp.c; sourceTree = "<group>"; };
		7C9BA78E1D11F2C3003F6409 /* autoip.c */ = {isa = PBXFileReference; fileEncoding = 4; lastKnownFileType = sourcecode.c.c; name = autoip.c; path = ../../../../ext/lwip/src/core/ipv4/autoip.c; sourceTree = "<group>"; };
		7C9BA78F1D11F2C3003F6409 /* icmp.c */ = {isa = PBXFileReference; fileEncoding = 4; lastKnownFileType = sourcecode.c.c; name = icmp.c; path = ../../../../ext/lwip/src/core/ipv4/icmp.c; sourceTree = "<group>"; };
		7C9BA7901D11F2C3003F6409 /* igmp.c */ = {isa = PBXFileReference; fileEncoding = 4; lastKnownFileType = sourcecode.c.c; name = igmp.c; path = ../../../../ext/lwip/src/core/ipv4/igmp.c; sourceTree = "<group>"; };
		7C9BA7911D11F2C3003F6409 /* inet_chksum.c */ = {isa = PBXFileReference; fileEncoding = 4; lastKnownFileType = sourcecode.c.c; name = inet_chksum.c; path = ../../../../ext/lwip/src/core/ipv4/inet_chksum.c; sourceTree = "<group>"; };
		7C9BA7921D11F2C3003F6409 /* inet.c */ = {isa = PBXFileReference; fileEncoding = 4; lastKnownFileType = sourcecode.c.c; name = inet.c; path = ../../../../ext/lwip/src/core/ipv4/inet.c; sourceTree = "<group>"; };
		7C9BA7931D11F2C3003F6409 /* ip_addr.c */ = {isa = PBXFileReference; fileEncoding = 4; lastKnownFileType = sourcecode.c.c; name = ip_addr.c; path = ../../../../ext/lwip/src/core/ipv4/ip_addr.c; sourceTree = "<group>"; };
		7C9BA7941D11F2C3003F6409 /* ip_frag.c */ = {isa = PBXFileReference; fileEncoding = 4; lastKnownFileType = sourcecode.c.c; name = ip_frag.c; path = ../../../../ext/lwip/src/core/ipv4/ip_frag.c; sourceTree = "<group>"; };
		7C9BA7951D11F2C3003F6409 /* ip.c */ = {isa = PBXFileReference; fileEncoding = 4; lastKnownFileType = sourcecode.c.c; name = ip.c; path = ../../../../ext/lwip/src/core/ipv4/ip.c; sourceTree = "<group>"; };
		7C9BA79E1D11F2D7003F6409 /* api_msg.h */ = {isa = PBXFileReference; fileEncoding = 4; lastKnownFileType = sourcecode.c.h; name = api_msg.h; path = ../../../../ext/lwip/src/include/lwip/api_msg.h; sourceTree = "<group>"; };
		7C9BA79F1D11F2D7003F6409 /* api.h */ = {isa = PBXFileReference; fileEncoding = 4; lastKnownFileType = sourcecode.c.h; name = api.h; path = ../../../../ext/lwip/src/include/lwip/api.h; sourceTree = "<group>"; };
		7C9BA7A01D11F2D7003F6409 /* arch.h */ = {isa = PBXFileReference; fileEncoding = 4; lastKnownFileType = sourcecode.c.h; name = arch.h; path = ../../../../ext/lwip/src/include/lwip/arch.h; sourceTree = "<group>"; };
		7C9BA7A11D11F2D7003F6409 /* debug.h */ = {isa = PBXFileReference; fileEncoding = 4; lastKnownFileType = sourcecode.c.h; name = debug.h; path = ../../../../ext/lwip/src/include/lwip/debug.h; sourceTree = "<group>"; };
		7C9BA7A21D11F2D7003F6409 /* def.h */ = {isa = PBXFileReference; fileEncoding = 4; lastKnownFileType = sourcecode.c.h; name = def.h; path = ../../../../ext/lwip/src/include/lwip/def.h; sourceTree = "<group>"; };
		7C9BA7A31D11F2D7003F6409 /* dhcp.h */ = {isa = PBXFileReference; fileEncoding = 4; lastKnownFileType = sourcecode.c.h; name = dhcp.h; path = ../../../../ext/lwip/src/include/lwip/dhcp.h; sourceTree = "<group>"; };
		7C9BA7A41D11F2D7003F6409 /* dns.h */ = {isa = PBXFileReference; fileEncoding = 4; lastKnownFileType = sourcecode.c.h; name = dns.h; path = ../../../../ext/lwip/src/include/lwip/dns.h; sourceTree = "<group>"; };
		7C9BA7A51D11F2D7003F6409 /* err.h */ = {isa = PBXFileReference; fileEncoding = 4; lastKnownFileType = sourcecode.c.h; name = err.h; path = ../../../../ext/lwip/src/include/lwip/err.h; sourceTree = "<group>"; };
		7C9BA7A61D11F2D7003F6409 /* init.h */ = {isa = PBXFileReference; fileEncoding = 4; lastKnownFileType = sourcecode.c.h; name = init.h; path = ../../../../ext/lwip/src/include/lwip/init.h; sourceTree = "<group>"; };
		7C9BA7A71D11F2D7003F6409 /* ip.h */ = {isa = PBXFileReference; fileEncoding = 4; lastKnownFileType = sourcecode.c.h; name = ip.h; path = ../../../../ext/lwip/src/include/lwip/ip.h; sourceTree = "<group>"; };
		7C9BA7A81D11F2D7003F6409 /* mem.h */ = {isa = PBXFileReference; fileEncoding = 4; lastKnownFileType = sourcecode.c.h; name = mem.h; path = ../../../../ext/lwip/src/include/lwip/mem.h; sourceTree = "<group>"; };
		7C9BA7A91D11F2D7003F6409 /* memp_std.h */ = {isa = PBXFileReference; fileEncoding = 4; lastKnownFileType = sourcecode.c.h; name = memp_std.h; path = ../../../../ext/lwip/src/include/lwip/memp_std.h; sourceTree = "<group>"; };
		7C9BA7AA1D11F2D7003F6409 /* memp.h */ = {isa = PBXFileReference; fileEncoding = 4; lastKnownFileType = sourcecode.c.h; name = memp.h; path = ../../../../ext/lwip/src/include/lwip/memp.h; sourceTree = "<group>"; };
		7C9BA7AB1D11F2D7003F6409 /* netbuf.h */ = {isa = PBXFileReference; fileEncoding = 4; lastKnownFileType = sourcecode.c.h; name = netbuf.h; path = ../../../../ext/lwip/src/include/lwip/netbuf.h; sourceTree = "<group>"; };
		7C9BA7AC1D11F2D7003F6409 /* netdb.h */ = {isa = PBXFileReference; fileEncoding = 4; lastKnownFileType = sourcecode.c.h; name = netdb.h; path = ../../../../ext/lwip/src/include/lwip/netdb.h; sourceTree = "<group>"; };
		7C9BA7AD1D11F2D7003F6409 /* netif.h */ = {isa = PBXFileReference; fileEncoding = 4; lastKnownFileType = sourcecode.c.h; name = netif.h; path = ../../../../ext/lwip/src/include/lwip/netif.h; sourceTree = "<group>"; };
		7C9BA7AE1D11F2D7003F6409 /* netifapi.h */ = {isa = PBXFileReference; fileEncoding = 4; lastKnownFileType = sourcecode.c.h; name = netifapi.h; path = ../../../../ext/lwip/src/include/lwip/netifapi.h; sourceTree = "<group>"; };
		7C9BA7AF1D11F2D7003F6409 /* opt.h */ = {isa = PBXFileReference; fileEncoding = 4; lastKnownFileType = sourcecode.c.h; name = opt.h; path = ../../../../ext/lwip/src/include/lwip/opt.h; sourceTree = "<group>"; };
		7C9BA7B01D11F2D7003F6409 /* pbuf.h */ = {isa = PBXFileReference; fileEncoding = 4; lastKnownFileType = sourcecode.c.h; name = pbuf.h; path = ../../../../ext/lwip/src/include/lwip/pbuf.h; sourceTree = "<group>"; };
		7C9BA7B11D11F2D7003F6409 /* raw.h */ = {isa = PBXFileReference; fileEncoding = 4; lastKnownFileType = sourcecode.c.h; name = raw.h; path = ../../../../ext/lwip/src/include/lwip/raw.h; sourceTree = "<group>"; };
		7C9BA7B21D11F2D7003F6409 /* sio.h */ = {isa = PBXFileReference; fileEncoding = 4; lastKnownFileType = sourcecode.c.h; name = sio.h; path = ../../../../ext/lwip/src/include/lwip/sio.h; sourceTree = "<group>"; };
		7C9BA7B31D11F2D7003F6409 /* snmp_asn1.h */ = {isa = PBXFileReference; fileEncoding = 4; lastKnownFileType = sourcecode.c.h; name = snmp_asn1.h; path = ../../../../ext/lwip/src/include/lwip/snmp_asn1.h; sourceTree = "<group>"; };
		7C9BA7B41D11F2D7003F6409 /* snmp_msg.h */ = {isa = PBXFileReference; fileEncoding = 4; lastKnownFileType = sourcecode.c.h; name = snmp_msg.h; path = ../../../../ext/lwip/src/include/lwip/snmp_msg.h; sourceTree = "<group>"; };
		7C9BA7B51D11F2D7003F6409 /* snmp_structs.h */ = {isa = PBXFileReference; fileEncoding = 4; lastKnownFileType = sourcecode.c.h; name = snmp_structs.h; path = ../../../../ext/lwip/src/include/lwip/snmp_structs.h; sourceTree = "<group>"; };
		7C9BA7B61D11F2D7003F6409 /* snmp.h */ = {isa = PBXFileReference; fileEncoding = 4; lastKnownFileType = sourcecode.c.h; name = snmp.h; path = ../../../../ext/lwip/src/include/lwip/snmp.h; sourceTree = "<group>"; };
		7C9BA7B71D11F2D7003F6409 /* sockets.h */ = {isa = PBXFileReference; fileEncoding = 4; lastKnownFileType = sourcecode.c.h; name = sockets.h; path = ../../../../ext/lwip/src/include/lwip/sockets.h; sourceTree = "<group>"; };
		7C9BA7B81D11F2D7003F6409 /* stats.h */ = {isa = PBXFileReference; fileEncoding = 4; lastKnownFileType = sourcecode.c.h; name = stats.h; path = ../../../../ext/lwip/src/include/lwip/stats.h; sourceTree = "<group>"; };
		7C9BA7B91D11F2D7003F6409 /* sys.h */ = {isa = PBXFileReference; fileEncoding = 4; lastKnownFileType = sourcecode.c.h; name = sys.h; path = ../../../../ext/lwip/src/include/lwip/sys.h; sourceTree = "<group>"; };
		7C9BA7BA1D11F2D7003F6409 /* tcp_impl.h */ = {isa = PBXFileReference; fileEncoding = 4; lastKnownFileType = sourcecode.c.h; name = tcp_impl.h; path = ../../../../ext/lwip/src/include/lwip/tcp_impl.h; sourceTree = "<group>"; };
		7C9BA7BB1D11F2D7003F6409 /* tcp.h */ = {isa = PBXFileReference; fileEncoding = 4; lastKnownFileType = sourcecode.c.h; name = tcp.h; path = ../../../../ext/lwip/src/include/lwip/tcp.h; sourceTree = "<group>"; };
		7C9BA7BC1D11F2D7003F6409 /* tcpip.h */ = {isa = PBXFileReference; fileEncoding = 4; lastKnownFileType = sourcecode.c.h; name = tcpip.h; path = ../../../../ext/lwip/src/include/lwip/tcpip.h; sourceTree = "<group>"; };
		7C9BA7BD1D11F2D7003F6409 /* timers.h */ = {isa = PBXFileReference; fileEncoding = 4; lastKnownFileType = sourcecode.c.h; name = timers.h; path = ../../../../ext/lwip/src/include/lwip/timers.h; sourceTree = "<group>"; };
		7C9BA7BE1D11F2D7003F6409 /* udp.h */ = {isa = PBXFileReference; fileEncoding = 4; lastKnownFileType = sourcecode.c.h; name = udp.h; path = ../../../../ext/lwip/src/include/lwip/udp.h; sourceTree = "<group>"; };
		7C9BA7E01D11F2F1003F6409 /* autoip.h */ = {isa = PBXFileReference; fileEncoding = 4; lastKnownFileType = sourcecode.c.h; name = autoip.h; path = ../../../../ext/lwip/src/include/ipv4/lwip/autoip.h; sourceTree = "<group>"; };
		7C9BA7E11D11F2F1003F6409 /* icmp.h */ = {isa = PBXFileReference; fileEncoding = 4; lastKnownFileType = sourcecode.c.h; name = icmp.h; path = ../../../../ext/lwip/src/include/ipv4/lwip/icmp.h; sourceTree = "<group>"; };
		7C9BA7E21D11F2F1003F6409 /* igmp.h */ = {isa = PBXFileReference; fileEncoding = 4; lastKnownFileType = sourcecode.c.h; name = igmp.h; path = ../../../../ext/lwip/src/include/ipv4/lwip/igmp.h; sourceTree = "<group>"; };
		7C9BA7E31D11F2F1003F6409 /* inet_chksum.h */ = {isa = PBXFileReference; fileEncoding = 4; lastKnownFileType = sourcecode.c.h; name = inet_chksum.h; path = ../../../../ext/lwip/src/include/ipv4/lwip/inet_chksum.h; sourceTree = "<group>"; };
		7C9BA7E41D11F2F1003F6409 /* inet.h */ = {isa = PBXFileReference; fileEncoding = 4; lastKnownFileType = sourcecode.c.h; name = inet.h; path = ../../../../ext/lwip/src/include/ipv4/lwip/inet.h; sourceTree = "<group>"; };
		7C9BA7E51D11F2F1003F6409 /* ip_addr.h */ = {isa = PBXFileReference; fileEncoding = 4; lastKnownFileType = sourcecode.c.h; name = ip_addr.h; path = ../../../../ext/lwip/src/include/ipv4/lwip/ip_addr.h; sourceTree = "<group>"; };
		7C9BA7E61D11F2F1003F6409 /* ip_frag.h */ = {isa = PBXFileReference; fileEncoding = 4; lastKnownFileType = sourcecode.c.h; name = ip_frag.h; path = ../../../../ext/lwip/src/include/ipv4/lwip/ip_frag.h; sourceTree = "<group>"; };
		7C9BA7E71D11F2F1003F6409 /* ip.h */ = {isa = PBXFileReference; fileEncoding = 4; lastKnownFileType = sourcecode.c.h; name = ip.h; path = ../../../../ext/lwip/src/include/ipv4/lwip/ip.h; sourceTree = "<group>"; };
		7C9BA7F01D11F452003F6409 /* lwipopts.h */ = {isa = PBXFileReference; lastKnownFileType = sourcecode.c.h; name = lwipopts.h; path = ../../../ext/lwipopts.h; sourceTree = "<group>"; };
/* End PBXFileReference section */

/* Begin PBXFrameworksBuildPhase section */
		7C936A301D11EBEA00470058 /* Frameworks */ = {
			isa = PBXFrameworksBuildPhase;
			buildActionMask = 2147483647;
			files = (
			);
			runOnlyForDeploymentPostprocessing = 0;
		};
/* End PBXFrameworksBuildPhase section */

/* Begin PBXGroup section */
		7C936A2A1D11EBEA00470058 = {
			isa = PBXGroup;
			children = (
				7C936A421D11EC2000470058 /* SDK */,
				7C936A411D11EC1000470058 /* ZeroTier */,
				7C936A401D11EC0900470058 /* ext */,
				7C936A3F1D11EBF900470058 /* lwIP */,
				7C936A361D11EBEA00470058 /* ZeroTierSDK_iOS */,
				7C936A351D11EBEA00470058 /* Products */,
			);
			sourceTree = "<group>";
		};
		7C936A351D11EBEA00470058 /* Products */ = {
			isa = PBXGroup;
			children = (
				7C936A341D11EBEA00470058 /* ZeroTierSDK_iOS.framework */,
			);
			name = Products;
			sourceTree = "<group>";
		};
		7C936A361D11EBEA00470058 /* ZeroTierSDK_iOS */ = {
			isa = PBXGroup;
			children = (
				7C936A371D11EBEA00470058 /* ZeroTierSDK_iOS.h */,
				7C936A391D11EBEA00470058 /* Info.plist */,
			);
			path = ZeroTierSDK_iOS;
			sourceTree = "<group>";
		};
		7C936A3F1D11EBF900470058 /* lwIP */ = {
			isa = PBXGroup;
			children = (
				7C9BA7E01D11F2F1003F6409 /* autoip.h */,
				7C9BA7E11D11F2F1003F6409 /* icmp.h */,
				7C9BA7E21D11F2F1003F6409 /* igmp.h */,
				7C9BA7E31D11F2F1003F6409 /* inet_chksum.h */,
				7C9BA7E41D11F2F1003F6409 /* inet.h */,
				7C9BA7E51D11F2F1003F6409 /* ip_addr.h */,
				7C9BA7E61D11F2F1003F6409 /* ip_frag.h */,
				7C9BA7E71D11F2F1003F6409 /* ip.h */,
				7C9BA79E1D11F2D7003F6409 /* api_msg.h */,
				7C9BA79F1D11F2D7003F6409 /* api.h */,
				7C9BA7A01D11F2D7003F6409 /* arch.h */,
				7C9BA7A11D11F2D7003F6409 /* debug.h */,
				7C9BA7A21D11F2D7003F6409 /* def.h */,
				7C9BA7A31D11F2D7003F6409 /* dhcp.h */,
				7C9BA7A41D11F2D7003F6409 /* dns.h */,
				7C9BA7A51D11F2D7003F6409 /* err.h */,
				7C9BA7A61D11F2D7003F6409 /* init.h */,
				7C9BA7A71D11F2D7003F6409 /* ip.h */,
				7C9BA7A81D11F2D7003F6409 /* mem.h */,
				7C9BA7A91D11F2D7003F6409 /* memp_std.h */,
				7C9BA7AA1D11F2D7003F6409 /* memp.h */,
				7C9BA7AB1D11F2D7003F6409 /* netbuf.h */,
				7C9BA7AC1D11F2D7003F6409 /* netdb.h */,
				7C9BA7AD1D11F2D7003F6409 /* netif.h */,
				7C9BA7AE1D11F2D7003F6409 /* netifapi.h */,
				7C9BA7AF1D11F2D7003F6409 /* opt.h */,
				7C9BA7B01D11F2D7003F6409 /* pbuf.h */,
				7C9BA7B11D11F2D7003F6409 /* raw.h */,
				7C9BA7B21D11F2D7003F6409 /* sio.h */,
				7C9BA7B31D11F2D7003F6409 /* snmp_asn1.h */,
				7C9BA7B41D11F2D7003F6409 /* snmp_msg.h */,
				7C9BA7B51D11F2D7003F6409 /* snmp_structs.h */,
				7C9BA7B61D11F2D7003F6409 /* snmp.h */,
				7C9BA7B71D11F2D7003F6409 /* sockets.h */,
				7C9BA7B81D11F2D7003F6409 /* stats.h */,
				7C9BA7B91D11F2D7003F6409 /* sys.h */,
				7C9BA7BA1D11F2D7003F6409 /* tcp_impl.h */,
				7C9BA7BB1D11F2D7003F6409 /* tcp.h */,
				7C9BA7BC1D11F2D7003F6409 /* tcpip.h */,
				7C9BA7BD1D11F2D7003F6409 /* timers.h */,
				7C9BA7BE1D11F2D7003F6409 /* udp.h */,
				7C9BA78E1D11F2C3003F6409 /* autoip.c */,
				7C9BA78F1D11F2C3003F6409 /* icmp.c */,
				7C9BA7901D11F2C3003F6409 /* igmp.c */,
				7C9BA7911D11F2C3003F6409 /* inet_chksum.c */,
				7C9BA7921D11F2C3003F6409 /* inet.c */,
				7C9BA7931D11F2C3003F6409 /* ip_addr.c */,
				7C9BA7941D11F2C3003F6409 /* ip_frag.c */,
				7C9BA7951D11F2C3003F6409 /* ip.c */,
				7C9BA76E1D11F2B1003F6409 /* def.c */,
				7C9BA76F1D11F2B1003F6409 /* dhcp.c */,
				7C9BA7701D11F2B1003F6409 /* dns.c */,
				7C9BA7711D11F2B1003F6409 /* init.c */,
				7C9BA7721D11F2B1003F6409 /* mem.c */,
				7C9BA7731D11F2B1003F6409 /* memp.c */,
				7C9BA7741D11F2B1003F6409 /* netif.c */,
				7C9BA7751D11F2B1003F6409 /* pbuf.c */,
				7C9BA7761D11F2B1003F6409 /* raw.c */,
				7C9BA7771D11F2B1003F6409 /* stats.c */,
				7C9BA7781D11F2B1003F6409 /* sys.c */,
				7C9BA7791D11F2B1003F6409 /* tcp_in.c */,
				7C9BA77A1D11F2B1003F6409 /* tcp_out.c */,
				7C9BA77B1D11F2B1003F6409 /* tcp.c */,
				7C9BA77C1D11F2B1003F6409 /* timers.c */,
				7C9BA77D1D11F2B1003F6409 /* udp.c */,
				7C9BA75E1D11F2A2003F6409 /* api_lib.c */,
				7C9BA75F1D11F2A2003F6409 /* api_msg.c */,
				7C9BA7601D11F2A2003F6409 /* err.c */,
				7C9BA7611D11F2A2003F6409 /* netbuf.c */,
				7C9BA7621D11F2A2003F6409 /* netdb.c */,
				7C9BA7631D11F2A2003F6409 /* netifapi.c */,
				7C9BA7641D11F2A2003F6409 /* sockets.c */,
				7C9BA7651D11F2A2003F6409 /* tcpip.c */,
			);
			name = lwIP;
			path = ZeroTierSDK_iOS;
			sourceTree = "<group>";
		};
		7C936A401D11EC0900470058 /* ext */ = {
			isa = PBXGroup;
			children = (
				7C9BA75A1D11F290003F6409 /* lz4.c */,
				7C9BA75B1D11F290003F6409 /* lz4.h */,
				7C9BA7561D11F280003F6409 /* http_parser.c */,
				7C9BA7571D11F280003F6409 /* http_parser.h */,
			);
			name = ext;
			path = ZeroTierSDK_iOS;
			sourceTree = "<group>";
		};
		7C936A411D11EC1000470058 /* ZeroTier */ = {
			isa = PBXGroup;
			children = (
				7C9BA74E1D11F267003F6409 /* ControlPlane.cpp */,
				7C9BA74F1D11F267003F6409 /* ControlPlane.hpp */,
				7C9BA7501D11F267003F6409 /* OneService.cpp */,
				7C9BA7511D11F267003F6409 /* OneService.hpp */,
				7C9BA7301D11F257003F6409 /* Arp.cpp */,
				7C9BA7311D11F257003F6409 /* Arp.hpp */,
				7C9BA7321D11F257003F6409 /* BackgroundResolver.cpp */,
				7C9BA7331D11F257003F6409 /* BackgroundResolver.hpp */,
				7C9BA7341D11F257003F6409 /* Binder.hpp */,
				7C9BA7351D11F257003F6409 /* Http.cpp */,
				7C9BA7361D11F257003F6409 /* Http.hpp */,
				7C9BA7371D11F257003F6409 /* OSUtils.cpp */,
				7C9BA7381D11F257003F6409 /* OSUtils.hpp */,
				7C9BA7391D11F257003F6409 /* Phy.hpp */,
				7C9BA73A1D11F257003F6409 /* PortMapper.cpp */,
				7C9BA73B1D11F257003F6409 /* PortMapper.hpp */,
				7C9BA73C1D11F257003F6409 /* RoutingTable.cpp */,
				7C9BA73D1D11F257003F6409 /* RoutingTable.hpp */,
				7C9BA73E1D11F257003F6409 /* Thread.hpp */,
				7C9BA6B41D11F235003F6409 /* Address.hpp */,
				7C9BA6B51D11F235003F6409 /* Array.hpp */,
				7C9BA6B61D11F235003F6409 /* AtomicCounter.hpp */,
				7C9BA6B71D11F235003F6409 /* BinarySemaphore.hpp */,
				7C9BA6B81D11F235003F6409 /* Buffer.hpp */,
				7C9BA6B91D11F235003F6409 /* C25519.cpp */,
				7C9BA6BA1D11F235003F6409 /* C25519.hpp */,
				7C9BA6BB1D11F235003F6409 /* CertificateOfMembership.cpp */,
				7C9BA6BC1D11F235003F6409 /* CertificateOfMembership.hpp */,
				7C9BA6BD1D11F235003F6409 /* Cluster.cpp */,
				7C9BA6BE1D11F235003F6409 /* Cluster.hpp */,
				7C9BA6BF1D11F235003F6409 /* Constants.hpp */,
				7C9BA6C01D11F235003F6409 /* DeferredPackets.cpp */,
				7C9BA6C11D11F235003F6409 /* DeferredPackets.hpp */,
				7C9BA6C21D11F235003F6409 /* Dictionary.cpp */,
				7C9BA6C31D11F235003F6409 /* Dictionary.hpp */,
				7C9BA6C41D11F235003F6409 /* Hashtable.hpp */,
				7C9BA6C51D11F235003F6409 /* Identity.cpp */,
				7C9BA6C61D11F235003F6409 /* Identity.hpp */,
				7C9BA6C71D11F235003F6409 /* IncomingPacket.cpp */,
				7C9BA6C81D11F235003F6409 /* IncomingPacket.hpp */,
				7C9BA6C91D11F235003F6409 /* InetAddress.cpp */,
				7C9BA6CA1D11F235003F6409 /* InetAddress.hpp */,
				7C9BA6CB1D11F235003F6409 /* MAC.hpp */,
				7C9BA6CC1D11F235003F6409 /* Multicaster.cpp */,
				7C9BA6CD1D11F235003F6409 /* Multicaster.hpp */,
				7C9BA6CE1D11F235003F6409 /* MulticastGroup.hpp */,
				7C9BA6CF1D11F235003F6409 /* Mutex.hpp */,
				7C9BA6D01D11F235003F6409 /* Network.cpp */,
				7C9BA6D11D11F235003F6409 /* Network.hpp */,
				7C9BA6D21D11F235003F6409 /* NetworkConfig.cpp */,
				7C9BA6D31D11F235003F6409 /* NetworkConfig.hpp */,
				7C9BA6D41D11F235003F6409 /* NetworkConfigRequestMetaData.hpp */,
				7C9BA6D51D11F235003F6409 /* NetworkController.hpp */,
				7C9BA6D61D11F235003F6409 /* Node.cpp */,
				7C9BA6D71D11F235003F6409 /* Node.hpp */,
				7C9BA6D81D11F235003F6409 /* NonCopyable.hpp */,
				7C9BA6D91D11F235003F6409 /* OutboundMulticast.cpp */,
				7C9BA6DA1D11F235003F6409 /* OutboundMulticast.hpp */,
				7C9BA6DB1D11F235003F6409 /* Packet.cpp */,
				7C9BA6DC1D11F235003F6409 /* Packet.hpp */,
				7C9BA6DD1D11F235003F6409 /* Path.cpp */,
				7C9BA6DE1D11F235003F6409 /* Path.hpp */,
				7C9BA6DF1D11F235003F6409 /* Peer.cpp */,
				7C9BA6E01D11F235003F6409 /* Peer.hpp */,
				7C9BA6E11D11F235003F6409 /* Poly1305.cpp */,
				7C9BA6E21D11F235003F6409 /* Poly1305.hpp */,
				7C9BA6E31D11F235003F6409 /* RuntimeEnvironment.hpp */,
				7C9BA6E41D11F235003F6409 /* Salsa20.cpp */,
				7C9BA6E51D11F235003F6409 /* Salsa20.hpp */,
				7C9BA6E61D11F235003F6409 /* SelfAwareness.cpp */,
				7C9BA6E71D11F235003F6409 /* SelfAwareness.hpp */,
				7C9BA6E81D11F235003F6409 /* SHA512.cpp */,
				7C9BA6E91D11F235003F6409 /* SHA512.hpp */,
				7C9BA6EA1D11F235003F6409 /* SharedPtr.hpp */,
				7C9BA6EB1D11F235003F6409 /* Switch.cpp */,
				7C9BA6EC1D11F235003F6409 /* Switch.hpp */,
				7C9BA6ED1D11F235003F6409 /* Topology.cpp */,
				7C9BA6EE1D11F235003F6409 /* Topology.hpp */,
				7C9BA6EF1D11F235003F6409 /* Utils.cpp */,
				7C9BA6F01D11F235003F6409 /* Utils.hpp */,
				7C9BA6F11D11F235003F6409 /* World.hpp */,
			);
			name = ZeroTier;
			sourceTree = "<group>";
		};
		7C936A421D11EC2000470058 /* SDK */ = {
			isa = PBXGroup;
			children = (
				7C9BA7F01D11F452003F6409 /* lwipopts.h */,
				7C936A431D11EC3000470058 /* SDK_Debug.c */,
				7C936A441D11EC3000470058 /* SDK_Debug.h */,
				7C936A451D11EC3000470058 /* SDK_EthernetTap.cpp */,
				7C936A461D11EC3000470058 /* SDK_EthernetTap.hpp */,
				7C936A471D11EC3000470058 /* SDK_Intercept.c */,
				7C936A481D11EC3000470058 /* SDK_LWIPStack.hpp */,
				7C936A491D11EC3000470058 /* SDK_Proxy.cpp */,
				7C936A4A1D11EC3000470058 /* SDK_RPC.c */,
				7C936A4B1D11EC3000470058 /* SDK_RPC.h */,
				7C936A4C1D11EC3000470058 /* SDK_ServiceSetup.cpp */,
				7C936A4D1D11EC3000470058 /* SDK_ServiceSetup.hpp */,
				7C936A4E1D11EC3000470058 /* SDK_Signatures.h */,
				7C936A4F1D11EC3000470058 /* SDK_Sockets.c */,
				7C936A501D11EC3000470058 /* SDK.h */,
			);
			name = SDK;
			sourceTree = "<group>";
		};
/* End PBXGroup section */

/* Begin PBXHeadersBuildPhase section */
		7C936A311D11EBEA00470058 /* Headers */ = {
			isa = PBXHeadersBuildPhase;
			buildActionMask = 2147483647;
			files = (
				7C9BA7401D11F257003F6409 /* Arp.hpp in Headers */,
				7C9BA7011D11F235003F6409 /* Dictionary.hpp in Headers */,
				7C936A541D11EC3000470058 /* SDK_EthernetTap.hpp in Headers */,
				7C9BA7C71D11F2D7003F6409 /* init.h in Headers */,
				7C9BA7C11D11F2D7003F6409 /* arch.h in Headers */,
				7C9BA7DC1D11F2D7003F6409 /* tcp.h in Headers */,
				7C9BA6F51D11F235003F6409 /* BinarySemaphore.hpp in Headers */,
				7C9BA7151D11F235003F6409 /* Node.hpp in Headers */,
				7C9BA6FC1D11F235003F6409 /* Cluster.hpp in Headers */,
				7C9BA7CD1D11F2D7003F6409 /* netdb.h in Headers */,
				7C9BA7CA1D11F2D7003F6409 /* memp_std.h in Headers */,
				7C9BA7CE1D11F2D7003F6409 /* netif.h in Headers */,
				7C9BA6FD1D11F235003F6409 /* Constants.hpp in Headers */,
				7C9BA7D61D11F2D7003F6409 /* snmp_structs.h in Headers */,
				7C9BA7EB1D11F2F1003F6409 /* inet_chksum.h in Headers */,
				7C9BA7231D11F235003F6409 /* Salsa20.hpp in Headers */,
				7C9BA75D1D11F290003F6409 /* lz4.h in Headers */,
				7C9BA7201D11F235003F6409 /* Poly1305.hpp in Headers */,
				7C9BA7C01D11F2D7003F6409 /* api.h in Headers */,
				7C9BA7091D11F235003F6409 /* MAC.hpp in Headers */,
				7C9BA7CB1D11F2D7003F6409 /* memp.h in Headers */,
				7C9BA70F1D11F235003F6409 /* Network.hpp in Headers */,
				7C9BA7DD1D11F2D7003F6409 /* tcpip.h in Headers */,
				7C9BA6FF1D11F235003F6409 /* DeferredPackets.hpp in Headers */,
				7C9BA7D31D11F2D7003F6409 /* sio.h in Headers */,
				7C9BA7D21D11F2D7003F6409 /* raw.h in Headers */,
				7C9BA6FA1D11F235003F6409 /* CertificateOfMembership.hpp in Headers */,
				7C9BA74A1D11F257003F6409 /* PortMapper.hpp in Headers */,
				7C9BA6F41D11F235003F6409 /* AtomicCounter.hpp in Headers */,
				7C9BA7081D11F235003F6409 /* InetAddress.hpp in Headers */,
				7C9BA7481D11F257003F6409 /* Phy.hpp in Headers */,
				7C9BA7C31D11F2D7003F6409 /* def.h in Headers */,
				7C9BA7E81D11F2F1003F6409 /* autoip.h in Headers */,
				7C9BA7421D11F257003F6409 /* BackgroundResolver.hpp in Headers */,
				7C9BA74C1D11F257003F6409 /* RoutingTable.hpp in Headers */,
				7C9BA7111D11F235003F6409 /* NetworkConfig.hpp in Headers */,
				7C9BA7D51D11F2D7003F6409 /* snmp_msg.h in Headers */,
				7C9BA7D01D11F2D7003F6409 /* opt.h in Headers */,
				7C9BA7131D11F235003F6409 /* NetworkController.hpp in Headers */,
				7C9BA70C1D11F235003F6409 /* MulticastGroup.hpp in Headers */,
				7C9BA7D11D11F2D7003F6409 /* pbuf.h in Headers */,
				7C936A561D11EC3000470058 /* SDK_LWIPStack.hpp in Headers */,
				7C936A5C1D11EC3000470058 /* SDK_Signatures.h in Headers */,
				7C9BA7ED1D11F2F1003F6409 /* ip_addr.h in Headers */,
				7C9BA7DF1D11F2D7003F6409 /* udp.h in Headers */,
				7C9BA7211D11F235003F6409 /* RuntimeEnvironment.hpp in Headers */,
				7C9BA7121D11F235003F6409 /* NetworkConfigRequestMetaData.hpp in Headers */,
				7C9BA7251D11F235003F6409 /* SelfAwareness.hpp in Headers */,
				7C9BA7C81D11F2D7003F6409 /* ip.h in Headers */,
				7C9BA7CF1D11F2D7003F6409 /* netifapi.h in Headers */,
				7C9BA7CC1D11F2D7003F6409 /* netbuf.h in Headers */,
				7C9BA6F31D11F235003F6409 /* Array.hpp in Headers */,
				7C9BA7161D11F235003F6409 /* NonCopyable.hpp in Headers */,
				7C9BA7181D11F235003F6409 /* OutboundMulticast.hpp in Headers */,
				7C9BA7591D11F280003F6409 /* http_parser.h in Headers */,
				7C9BA7D71D11F2D7003F6409 /* snmp.h in Headers */,
				7C9BA7C61D11F2D7003F6409 /* err.h in Headers */,
				7C9BA6F81D11F235003F6409 /* C25519.hpp in Headers */,
				7C9BA7C21D11F2D7003F6409 /* debug.h in Headers */,
				7C9BA6F21D11F235003F6409 /* Address.hpp in Headers */,
				7C9BA71A1D11F235003F6409 /* Packet.hpp in Headers */,
				7C9BA7451D11F257003F6409 /* Http.hpp in Headers */,
				7C9BA70B1D11F235003F6409 /* Multicaster.hpp in Headers */,
				7C9BA7DB1D11F2D7003F6409 /* tcp_impl.h in Headers */,
				7C9BA72A1D11F235003F6409 /* Switch.hpp in Headers */,
				7C9BA7271D11F235003F6409 /* SHA512.hpp in Headers */,
				7C9BA70D1D11F235003F6409 /* Mutex.hpp in Headers */,
				7C9BA7471D11F257003F6409 /* OSUtils.hpp in Headers */,
				7C9BA7531D11F267003F6409 /* ControlPlane.hpp in Headers */,
				7C9BA7DE1D11F2D7003F6409 /* timers.h in Headers */,
				7C9BA71E1D11F235003F6409 /* Peer.hpp in Headers */,
				7C9BA7431D11F257003F6409 /* Binder.hpp in Headers */,
				7C936A5B1D11EC3000470058 /* SDK_ServiceSetup.hpp in Headers */,
				7C9BA7DA1D11F2D7003F6409 /* sys.h in Headers */,
				7C9BA7EA1D11F2F1003F6409 /* igmp.h in Headers */,
				7C9BA7021D11F235003F6409 /* Hashtable.hpp in Headers */,
				7C9BA7C91D11F2D7003F6409 /* mem.h in Headers */,
				7C9BA7551D11F267003F6409 /* OneService.hpp in Headers */,
				7C936A5E1D11EC3000470058 /* SDK.h in Headers */,
				7C936A591D11EC3000470058 /* SDK_RPC.h in Headers */,
				7C9BA7D81D11F2D7003F6409 /* sockets.h in Headers */,
				7C9BA7281D11F235003F6409 /* SharedPtr.hpp in Headers */,
				7C9BA7EE1D11F2F1003F6409 /* ip_frag.h in Headers */,
				7C9BA72F1D11F235003F6409 /* World.hpp in Headers */,
				7C9BA74D1D11F257003F6409 /* Thread.hpp in Headers */,
				7C9BA7C41D11F2D7003F6409 /* dhcp.h in Headers */,
				7C9BA71C1D11F235003F6409 /* Path.hpp in Headers */,
				7C9BA7EC1D11F2F1003F6409 /* inet.h in Headers */,
				7C9BA72E1D11F235003F6409 /* Utils.hpp in Headers */,
				7C9BA7BF1D11F2D7003F6409 /* api_msg.h in Headers */,
				7C9BA7D41D11F2D7003F6409 /* snmp_asn1.h in Headers */,
				7C9BA7061D11F235003F6409 /* IncomingPacket.hpp in Headers */,
				7C9BA7D91D11F2D7003F6409 /* stats.h in Headers */,
				7C9BA6F61D11F235003F6409 /* Buffer.hpp in Headers */,
				7C9BA7E91D11F2F1003F6409 /* icmp.h in Headers */,
				7C9BA7041D11F235003F6409 /* Identity.hpp in Headers */,
				7C936A521D11EC3000470058 /* SDK_Debug.h in Headers */,
				7C9BA7C51D11F2D7003F6409 /* dns.h in Headers */,
				7C9BA72C1D11F235003F6409 /* Topology.hpp in Headers */,
				7C9BA7EF1D11F2F1003F6409 /* ip.h in Headers */,
				7C936A381D11EBEA00470058 /* ZeroTierSDK_iOS.h in Headers */,
				7C9BA7F11D11F452003F6409 /* lwipopts.h in Headers */,
			);
			runOnlyForDeploymentPostprocessing = 0;
		};
/* End PBXHeadersBuildPhase section */

/* Begin PBXNativeTarget section */
		7C936A331D11EBEA00470058 /* ZeroTierSDK_iOS */ = {
			isa = PBXNativeTarget;
			buildConfigurationList = 7C936A3C1D11EBEA00470058 /* Build configuration list for PBXNativeTarget "ZeroTierSDK_iOS" */;
			buildPhases = (
				7C936A2F1D11EBEA00470058 /* Sources */,
				7C936A301D11EBEA00470058 /* Frameworks */,
				7C936A311D11EBEA00470058 /* Headers */,
				7C936A321D11EBEA00470058 /* Resources */,
			);
			buildRules = (
			);
			dependencies = (
			);
			name = ZeroTierSDK_iOS;
			productName = ZeroTierSDK_iOS;
			productReference = 7C936A341D11EBEA00470058 /* ZeroTierSDK_iOS.framework */;
			productType = "com.apple.product-type.framework";
		};
/* End PBXNativeTarget section */

/* Begin PBXProject section */
		7C936A2B1D11EBEA00470058 /* Project object */ = {
			isa = PBXProject;
			attributes = {
				LastUpgradeCheck = 0730;
				ORGANIZATIONNAME = "ZeroTier Inc.";
				TargetAttributes = {
					7C936A331D11EBEA00470058 = {
						CreatedOnToolsVersion = 7.3;
					};
				};
			};
			buildConfigurationList = 7C936A2E1D11EBEA00470058 /* Build configuration list for PBXProject "ZeroTierSDK_iOS" */;
			compatibilityVersion = "Xcode 3.2";
			developmentRegion = English;
			hasScannedForEncodings = 0;
			knownRegions = (
				en,
			);
			mainGroup = 7C936A2A1D11EBEA00470058;
			productRefGroup = 7C936A351D11EBEA00470058 /* Products */;
			projectDirPath = "";
			projectRoot = "";
			targets = (
				7C936A331D11EBEA00470058 /* ZeroTierSDK_iOS */,
			);
		};
/* End PBXProject section */

/* Begin PBXResourcesBuildPhase section */
		7C936A321D11EBEA00470058 /* Resources */ = {
			isa = PBXResourcesBuildPhase;
			buildActionMask = 2147483647;
			files = (
			);
			runOnlyForDeploymentPostprocessing = 0;
		};
/* End PBXResourcesBuildPhase section */

/* Begin PBXSourcesBuildPhase section */
		7C936A2F1D11EBEA00470058 /* Sources */ = {
			isa = PBXSourcesBuildPhase;
			buildActionMask = 2147483647;
			files = (
				7C9BA7861D11F2B1003F6409 /* raw.c in Sources */,
				7C9BA7801D11F2B1003F6409 /* dns.c in Sources */,
				7C9BA7881D11F2B1003F6409 /* sys.c in Sources */,
				7C9BA77F1D11F2B1003F6409 /* dhcp.c in Sources */,
				7C9BA7971D11F2C3003F6409 /* icmp.c in Sources */,
				7C9BA79B1D11F2C3003F6409 /* ip_addr.c in Sources */,
				7C936A511D11EC3000470058 /* SDK_Debug.c in Sources */,
				7C9BA7981D11F2C3003F6409 /* igmp.c in Sources */,
				7C9BA7661D11F2A2003F6409 /* api_lib.c in Sources */,
				7C936A571D11EC3000470058 /* SDK_Proxy.cpp in Sources */,
				7C9BA7261D11F235003F6409 /* SHA512.cpp in Sources */,
				7C9BA7671D11F2A2003F6409 /* api_msg.c in Sources */,
				7C9BA71F1D11F235003F6409 /* Poly1305.cpp in Sources */,
				7C9BA7841D11F2B1003F6409 /* netif.c in Sources */,
				7C936A5D1D11EC3000470058 /* SDK_Sockets.c in Sources */,
				7C9BA70E1D11F235003F6409 /* Network.cpp in Sources */,
				7C9BA7491D11F257003F6409 /* PortMapper.cpp in Sources */,
				7C9BA6F91D11F235003F6409 /* CertificateOfMembership.cpp in Sources */,
				7C9BA71D1D11F235003F6409 /* Peer.cpp in Sources */,
				7C9BA7961D11F2C3003F6409 /* autoip.c in Sources */,
				7C9BA7031D11F235003F6409 /* Identity.cpp in Sources */,
				7C9BA7191D11F235003F6409 /* Packet.cpp in Sources */,
				7C936A5A1D11EC3000470058 /* SDK_ServiceSetup.cpp in Sources */,
				7C9BA79C1D11F2C3003F6409 /* ip_frag.c in Sources */,
				7C9BA7001D11F235003F6409 /* Dictionary.cpp in Sources */,
				7C9BA7241D11F235003F6409 /* SelfAwareness.cpp in Sources */,
				7C9BA72D1D11F235003F6409 /* Utils.cpp in Sources */,
				7C9BA7171D11F235003F6409 /* OutboundMulticast.cpp in Sources */,
				7C9BA7581D11F280003F6409 /* http_parser.c in Sources */,
				7C9BA7461D11F257003F6409 /* OSUtils.cpp in Sources */,
				7C9BA71B1D11F235003F6409 /* Path.cpp in Sources */,
				7C9BA6FE1D11F235003F6409 /* DeferredPackets.cpp in Sources */,
				7C9BA6F71D11F235003F6409 /* C25519.cpp in Sources */,
				7C9BA7541D11F267003F6409 /* OneService.cpp in Sources */,
				7C9BA7821D11F2B1003F6409 /* mem.c in Sources */,
				7C9BA7891D11F2B1003F6409 /* tcp_in.c in Sources */,
				7C9BA77E1D11F2B1003F6409 /* def.c in Sources */,
				7C9BA76D1D11F2A2003F6409 /* tcpip.c in Sources */,
				7C9BA76A1D11F2A2003F6409 /* netdb.c in Sources */,
				7C9BA7441D11F257003F6409 /* Http.cpp in Sources */,
				7C9BA7691D11F2A2003F6409 /* netbuf.c in Sources */,
				7C9BA7291D11F235003F6409 /* Switch.cpp in Sources */,
				7C9BA78C1D11F2B1003F6409 /* timers.c in Sources */,
				7C9BA75C1D11F290003F6409 /* lz4.c in Sources */,
				7C9BA78A1D11F2B1003F6409 /* tcp_out.c in Sources */,
				7C9BA7521D11F267003F6409 /* ControlPlane.cpp in Sources */,
				7C9BA73F1D11F257003F6409 /* Arp.cpp in Sources */,
				7C9BA72B1D11F235003F6409 /* Topology.cpp in Sources */,
				7C936A531D11EC3000470058 /* SDK_EthernetTap.cpp in Sources */,
				7C9BA76B1D11F2A2003F6409 /* netifapi.c in Sources */,
				7C9BA7991D11F2C3003F6409 /* inet_chksum.c in Sources */,
				7C9BA7141D11F235003F6409 /* Node.cpp in Sources */,
				7C9BA7811D11F2B1003F6409 /* init.c in Sources */,
				7C9BA7681D11F2A2003F6409 /* err.c in Sources */,
				7C9BA79D1D11F2C3003F6409 /* ip.c in Sources */,
				7C9BA7221D11F235003F6409 /* Salsa20.cpp in Sources */,
				7C9BA7871D11F2B1003F6409 /* stats.c in Sources */,
				7C936A581D11EC3000470058 /* SDK_RPC.c in Sources */,
				7C9BA7411D11F257003F6409 /* BackgroundResolver.cpp in Sources */,
				7C9BA7071D11F235003F6409 /* InetAddress.cpp in Sources */,
				7C9BA7051D11F235003F6409 /* IncomingPacket.cpp in Sources */,
				7C9BA78B1D11F2B1003F6409 /* tcp.c in Sources */,
				7C9BA79A1D11F2C3003F6409 /* inet.c in Sources */,
				7C9BA76C1D11F2A2003F6409 /* sockets.c in Sources */,
				7C9BA7831D11F2B1003F6409 /* memp.c in Sources */,
				7C9BA70A1D11F235003F6409 /* Multicaster.cpp in Sources */,
				7C9BA6FB1D11F235003F6409 /* Cluster.cpp in Sources */,
				7C9BA7851D11F2B1003F6409 /* pbuf.c in Sources */,
				7C9BA74B1D11F257003F6409 /* RoutingTable.cpp in Sources */,
				7C9BA7101D11F235003F6409 /* NetworkConfig.cpp in Sources */,
				7C936A551D11EC3000470058 /* SDK_Intercept.c in Sources */,
				7C9BA78D1D11F2B1003F6409 /* udp.c in Sources */,
			);
			runOnlyForDeploymentPostprocessing = 0;
		};
/* End PBXSourcesBuildPhase section */

/* Begin XCBuildConfiguration section */
		7C936A3A1D11EBEA00470058 /* Debug */ = {
			isa = XCBuildConfiguration;
			buildSettings = {
				ALWAYS_SEARCH_USER_PATHS = NO;
				CLANG_ANALYZER_NONNULL = YES;
				CLANG_CXX_LANGUAGE_STANDARD = "gnu++0x";
				CLANG_CXX_LIBRARY = "libc++";
				CLANG_ENABLE_MODULES = YES;
				CLANG_ENABLE_OBJC_ARC = YES;
				CLANG_WARN_BOOL_CONVERSION = YES;
				CLANG_WARN_CONSTANT_CONVERSION = YES;
				CLANG_WARN_DIRECT_OBJC_ISA_USAGE = YES_ERROR;
				CLANG_WARN_EMPTY_BODY = YES;
				CLANG_WARN_ENUM_CONVERSION = YES;
				CLANG_WARN_INT_CONVERSION = YES;
				CLANG_WARN_OBJC_ROOT_CLASS = YES_ERROR;
				CLANG_WARN_UNREACHABLE_CODE = YES;
				CLANG_WARN__DUPLICATE_METHOD_MATCH = YES;
				"CODE_SIGN_IDENTITY[sdk=iphoneos*]" = "iPhone Developer";
				COPY_PHASE_STRIP = NO;
				CURRENT_PROJECT_VERSION = 1;
				DEBUG_INFORMATION_FORMAT = dwarf;
				ENABLE_STRICT_OBJC_MSGSEND = YES;
				ENABLE_TESTABILITY = YES;
				GCC_C_LANGUAGE_STANDARD = gnu99;
				GCC_DYNAMIC_NO_PIC = NO;
				GCC_NO_COMMON_BLOCKS = YES;
				GCC_OPTIMIZATION_LEVEL = 0;
				GCC_PREPROCESSOR_DEFINITIONS = (
					"DEBUG=1",
					"$(inherited)",
				);
				GCC_WARN_64_TO_32_BIT_CONVERSION = YES;
				GCC_WARN_ABOUT_RETURN_TYPE = YES_ERROR;
				GCC_WARN_UNDECLARED_SELECTOR = YES;
				GCC_WARN_UNINITIALIZED_AUTOS = YES_AGGRESSIVE;
				GCC_WARN_UNUSED_FUNCTION = YES;
				GCC_WARN_UNUSED_VARIABLE = YES;
				IPHONEOS_DEPLOYMENT_TARGET = 9.3;
				MTL_ENABLE_DEBUG_INFO = YES;
				ONLY_ACTIVE_ARCH = YES;
				SDKROOT = iphoneos;
				SWIFT_OPTIMIZATION_LEVEL = "-Onone";
				TARGETED_DEVICE_FAMILY = "1,2";
				VERSIONING_SYSTEM = "apple-generic";
				VERSION_INFO_PREFIX = "";
			};
			name = Debug;
		};
		7C936A3B1D11EBEA00470058 /* Release */ = {
			isa = XCBuildConfiguration;
			buildSettings = {
				ALWAYS_SEARCH_USER_PATHS = NO;
				CLANG_ANALYZER_NONNULL = YES;
				CLANG_CXX_LANGUAGE_STANDARD = "gnu++0x";
				CLANG_CXX_LIBRARY = "libc++";
				CLANG_ENABLE_MODULES = YES;
				CLANG_ENABLE_OBJC_ARC = YES;
				CLANG_WARN_BOOL_CONVERSION = YES;
				CLANG_WARN_CONSTANT_CONVERSION = YES;
				CLANG_WARN_DIRECT_OBJC_ISA_USAGE = YES_ERROR;
				CLANG_WARN_EMPTY_BODY = YES;
				CLANG_WARN_ENUM_CONVERSION = YES;
				CLANG_WARN_INT_CONVERSION = YES;
				CLANG_WARN_OBJC_ROOT_CLASS = YES_ERROR;
				CLANG_WARN_UNREACHABLE_CODE = YES;
				CLANG_WARN__DUPLICATE_METHOD_MATCH = YES;
				"CODE_SIGN_IDENTITY[sdk=iphoneos*]" = "iPhone Developer";
				COPY_PHASE_STRIP = NO;
				CURRENT_PROJECT_VERSION = 1;
				DEBUG_INFORMATION_FORMAT = "dwarf-with-dsym";
				ENABLE_NS_ASSERTIONS = NO;
				ENABLE_STRICT_OBJC_MSGSEND = YES;
				GCC_C_LANGUAGE_STANDARD = gnu99;
				GCC_NO_COMMON_BLOCKS = YES;
				GCC_WARN_64_TO_32_BIT_CONVERSION = YES;
				GCC_WARN_ABOUT_RETURN_TYPE = YES_ERROR;
				GCC_WARN_UNDECLARED_SELECTOR = YES;
				GCC_WARN_UNINITIALIZED_AUTOS = YES_AGGRESSIVE;
				GCC_WARN_UNUSED_FUNCTION = YES;
				GCC_WARN_UNUSED_VARIABLE = YES;
				IPHONEOS_DEPLOYMENT_TARGET = 9.3;
				MTL_ENABLE_DEBUG_INFO = NO;
				SDKROOT = iphoneos;
				TARGETED_DEVICE_FAMILY = "1,2";
				VALIDATE_PRODUCT = YES;
				VERSIONING_SYSTEM = "apple-generic";
				VERSION_INFO_PREFIX = "";
			};
			name = Release;
		};
		7C936A3D1D11EBEA00470058 /* Debug */ = {
			isa = XCBuildConfiguration;
			buildSettings = {
				ALWAYS_SEARCH_USER_PATHS = NO;
				DEFINES_MODULE = YES;
				DYLIB_COMPATIBILITY_VERSION = 1;
				DYLIB_CURRENT_VERSION = 1;
				DYLIB_INSTALL_NAME_BASE = "@rpath";
				HEADER_SEARCH_PATHS = "$(SRC_ROOT)/../../../ext/lwip/src/include";
				INFOPLIST_FILE = ZeroTierSDK_iOS/Info.plist;
				INSTALL_PATH = "$(LOCAL_LIBRARY_DIR)/Frameworks";
				LD_RUNPATH_SEARCH_PATHS = "$(inherited) @executable_path/Frameworks @loader_path/Frameworks";
				PRODUCT_BUNDLE_IDENTIFIER = "zerotier.ZeroTierSDK-iOS";
				PRODUCT_NAME = "$(TARGET_NAME)";
				SKIP_INSTALL = YES;
				USER_HEADER_SEARCH_PATHS = "";
			};
			name = Debug;
		};
		7C936A3E1D11EBEA00470058 /* Release */ = {
			isa = XCBuildConfiguration;
			buildSettings = {
				ALWAYS_SEARCH_USER_PATHS = NO;
				DEFINES_MODULE = YES;
				DYLIB_COMPATIBILITY_VERSION = 1;
				DYLIB_CURRENT_VERSION = 1;
				DYLIB_INSTALL_NAME_BASE = "@rpath";
				HEADER_SEARCH_PATHS = "$(SRC_ROOT)/../../../ext/lwip/src/include";
				INFOPLIST_FILE = ZeroTierSDK_iOS/Info.plist;
				INSTALL_PATH = "$(LOCAL_LIBRARY_DIR)/Frameworks";
				LD_RUNPATH_SEARCH_PATHS = "$(inherited) @executable_path/Frameworks @loader_path/Frameworks";
				PRODUCT_BUNDLE_IDENTIFIER = "zerotier.ZeroTierSDK-iOS";
				PRODUCT_NAME = "$(TARGET_NAME)";
				SKIP_INSTALL = YES;
				USER_HEADER_SEARCH_PATHS = "";
			};
			name = Release;
		};
/* End XCBuildConfiguration section */

/* Begin XCConfigurationList section */
		7C936A2E1D11EBEA00470058 /* Build configuration list for PBXProject "ZeroTierSDK_iOS" */ = {
			isa = XCConfigurationList;
			buildConfigurations = (
				7C936A3A1D11EBEA00470058 /* Debug */,
				7C936A3B1D11EBEA00470058 /* Release */,
			);
			defaultConfigurationIsVisible = 0;
			defaultConfigurationName = Release;
		};
		7C936A3C1D11EBEA00470058 /* Build configuration list for PBXNativeTarget "ZeroTierSDK_iOS" */ = {
			isa = XCConfigurationList;
			buildConfigurations = (
				7C936A3D1D11EBEA00470058 /* Debug */,
				7C936A3E1D11EBEA00470058 /* Release */,
			);
			defaultConfigurationIsVisible = 0;
			defaultConfigurationName = Release;
		};
/* End XCConfigurationList section */
	};
	rootObject = 7C936A2B1D11EBEA00470058 /* Project object */;
}
